// !$*UTF8*$!
{
	archiveVersion = 1;
	classes = {
	};
	objectVersion = 50;
	objects = {

/* Begin PBXBuildFile section */
		0633D24662194BB0546939F4 /* libPods-FOMOPay.a in Frameworks */ = {isa = PBXBuildFile; fileRef = 59884581E113A0DB27EEB629 /* libPods-FOMOPay.a */; };
		1863DA4B23011A07000969FE /* AppDelegate.m in Sources */ = {isa = PBXBuildFile; fileRef = 1863DA4A23011A07000969FE /* AppDelegate.m */; };
		1863DA4E23011A07000969FE /* ViewController.m in Sources */ = {isa = PBXBuildFile; fileRef = 1863DA4D23011A07000969FE /* ViewController.m */; };
		1863DA5123011A07000969FE /* Main.storyboard in Resources */ = {isa = PBXBuildFile; fileRef = 1863DA4F23011A07000969FE /* Main.storyboard */; };
		1863DA5323011A08000969FE /* Assets.xcassets in Resources */ = {isa = PBXBuildFile; fileRef = 1863DA5223011A08000969FE /* Assets.xcassets */; };
		1863DA5623011A08000969FE /* LaunchScreen.storyboard in Resources */ = {isa = PBXBuildFile; fileRef = 1863DA5423011A08000969FE /* LaunchScreen.storyboard */; };
		1863DA5923011A08000969FE /* main.m in Sources */ = {isa = PBXBuildFile; fileRef = 1863DA5823011A08000969FE /* main.m */; };
		1863DA6323011A08000969FE /* FOMOPayTests.m in Sources */ = {isa = PBXBuildFile; fileRef = 1863DA6223011A08000969FE /* FOMOPayTests.m */; };
		1863DA6E23011A08000969FE /* FOMOPayUITests.m in Sources */ = {isa = PBXBuildFile; fileRef = 1863DA6D23011A08000969FE /* FOMOPayUITests.m */; };
		1863DA83230120AB000969FE /* WKWindowManagerFramework.framework in Frameworks */ = {isa = PBXBuildFile; fileRef = 1863DA82230120AB000969FE /* WKWindowManagerFramework.framework */; };
		1863DA9623013A87000969FE /* YHPDFImageCache.m in Sources */ = {isa = PBXBuildFile; fileRef = 1863DA8A23013A87000969FE /* YHPDFImageCache.m */; };
		1863DA9723013A87000969FE /* NSString+YHMD5.m in Sources */ = {isa = PBXBuildFile; fileRef = 1863DA8D23013A87000969FE /* NSString+YHMD5.m */; };
		1863DA9823013A87000969FE /* YHPDFImagePath.m in Sources */ = {isa = PBXBuildFile; fileRef = 1863DA8E23013A87000969FE /* YHPDFImagePath.m */; };
		1863DA9923013A87000969FE /* YHPDFImageLoader.m in Sources */ = {isa = PBXBuildFile; fileRef = 1863DA9123013A87000969FE /* YHPDFImageLoader.m */; };
		1863DA9A23013A87000969FE /* UIImage+YHPDFIcon.m in Sources */ = {isa = PBXBuildFile; fileRef = 1863DA9223013A87000969FE /* UIImage+YHPDFIcon.m */; };
		1863DA9B23013A87000969FE /* YHPDFImageDraw.m in Sources */ = {isa = PBXBuildFile; fileRef = 1863DA9323013A87000969FE /* YHPDFImageDraw.m */; };
		1863DAAB23014511000969FE /* WRNavigationBar.m in Sources */ = {isa = PBXBuildFile; fileRef = 1863DAA723014511000969FE /* WRNavigationBar.m */; };
		1863DAAC23014511000969FE /* WRCustomNavigationBar.m in Sources */ = {isa = PBXBuildFile; fileRef = 1863DAAA23014511000969FE /* WRCustomNavigationBar.m */; };
		18B7BEE32304EBE3007B496A /* CLNavgationView.m in Sources */ = {isa = PBXBuildFile; fileRef = 18B7BEE22304EBE3007B496A /* CLNavgationView.m */; };
		18B7BEE52304EC82007B496A /* CLNavgationHomeView.xib in Resources */ = {isa = PBXBuildFile; fileRef = 18B7BEE42304EC82007B496A /* CLNavgationHomeView.xib */; };
		18B7BEE72304ECFD007B496A /* CLNavgationNormalView.xib in Resources */ = {isa = PBXBuildFile; fileRef = 18B7BEE62304ECFD007B496A /* CLNavgationNormalView.xib */; };
		18B7BEEC2304F572007B496A /* CLNavModel.m in Sources */ = {isa = PBXBuildFile; fileRef = 18B7BEEB2304F572007B496A /* CLNavModel.m */; };
		18B7BEEE2304FB8F007B496A /* pdf_nav_back.pdf in Resources */ = {isa = PBXBuildFile; fileRef = 18B7BEED2304FB8E007B496A /* pdf_nav_back.pdf */; };
		18B7BEF12304FC9E007B496A /* CLHomeDetailVC.m in Sources */ = {isa = PBXBuildFile; fileRef = 18B7BEF02304FC9E007B496A /* CLHomeDetailVC.m */; };
		7702398C230B83C100EE8C31 /* HomeListCell.m in Sources */ = {isa = PBXBuildFile; fileRef = 7702398A230B83C100EE8C31 /* HomeListCell.m */; };
		7702398D230B83C100EE8C31 /* HomeListCell.xib in Resources */ = {isa = PBXBuildFile; fileRef = 7702398B230B83C100EE8C31 /* HomeListCell.xib */; };
		77023991230B8AE000EE8C31 /* HomeDataObject.m in Sources */ = {isa = PBXBuildFile; fileRef = 77023990230B8AE000EE8C31 /* HomeDataObject.m */; };
		77023998230BDD7F00EE8C31 /* HomeListCollectionCell.m in Sources */ = {isa = PBXBuildFile; fileRef = 77023996230BDD7F00EE8C31 /* HomeListCollectionCell.m */; };
		77023999230BDD7F00EE8C31 /* HomeListCollectionCell.xib in Resources */ = {isa = PBXBuildFile; fileRef = 77023997230BDD7F00EE8C31 /* HomeListCollectionCell.xib */; };
		7702399B230BE88C00EE8C31 /* pdf_home_packUp_icon.pdf in Resources */ = {isa = PBXBuildFile; fileRef = 7702399A230BE88C00EE8C31 /* pdf_home_packUp_icon.pdf */; };
		770239AA230BFD2A00EE8C31 /* pdf.guideView_icon_china_4.pdf in Resources */ = {isa = PBXBuildFile; fileRef = 770239A2230BFD2A00EE8C31 /* pdf.guideView_icon_china_4.pdf */; };
		770239AB230BFD2A00EE8C31 /* pdf.guideView_icon_china_1.pdf in Resources */ = {isa = PBXBuildFile; fileRef = 770239A3230BFD2A00EE8C31 /* pdf.guideView_icon_china_1.pdf */; };
		770239AC230BFD2A00EE8C31 /* pdf.guideView_icon_china_3.pdf in Resources */ = {isa = PBXBuildFile; fileRef = 770239A4230BFD2A00EE8C31 /* pdf.guideView_icon_china_3.pdf */; };
		770239AD230BFD2A00EE8C31 /* pdf.guideView_icon_china_2.pdf in Resources */ = {isa = PBXBuildFile; fileRef = 770239A5230BFD2A00EE8C31 /* pdf.guideView_icon_china_2.pdf */; };
		770239AE230BFD2A00EE8C31 /* pdf.guideView_icon_english_4.pdf in Resources */ = {isa = PBXBuildFile; fileRef = 770239A6230BFD2A00EE8C31 /* pdf.guideView_icon_english_4.pdf */; };
		770239AF230BFD2A00EE8C31 /* pdf.guideView_icon_english_1.pdf in Resources */ = {isa = PBXBuildFile; fileRef = 770239A7230BFD2A00EE8C31 /* pdf.guideView_icon_english_1.pdf */; };
		770239B0230BFD2A00EE8C31 /* pdf.guideView_icon_english_2.pdf in Resources */ = {isa = PBXBuildFile; fileRef = 770239A8230BFD2A00EE8C31 /* pdf.guideView_icon_english_2.pdf */; };
		770239B1230BFD2A00EE8C31 /* pdf.guideView_icon_english_3.pdf in Resources */ = {isa = PBXBuildFile; fileRef = 770239A9230BFD2A00EE8C31 /* pdf.guideView_icon_english_3.pdf */; };
		7715017F2310E07D0016B449 /* CommonGuideViewController.m in Sources */ = {isa = PBXBuildFile; fileRef = 7715017E2310E07D0016B449 /* CommonGuideViewController.m */; };
		77150183231114D60016B449 /* HomeRefundViewController.m in Sources */ = {isa = PBXBuildFile; fileRef = 77150182231114D60016B449 /* HomeRefundViewController.m */; };
		771501892311176B0016B449 /* HomeRefundListCell.m in Sources */ = {isa = PBXBuildFile; fileRef = 771501872311176B0016B449 /* HomeRefundListCell.m */; };
		7715018A2311176B0016B449 /* HomeRefundListCell.xib in Resources */ = {isa = PBXBuildFile; fileRef = 771501882311176B0016B449 /* HomeRefundListCell.xib */; };
		7715018D231121E10016B449 /* HomeRefundSelectBankView.m in Sources */ = {isa = PBXBuildFile; fileRef = 7715018C231121E10016B449 /* HomeRefundSelectBankView.m */; };
		7715018F231121ED0016B449 /* HomeRefundSelectBankView.xib in Resources */ = {isa = PBXBuildFile; fileRef = 7715018E231121ED0016B449 /* HomeRefundSelectBankView.xib */; };
		772D73AF230A3DCF0068AB48 /* CommonGuideView.m in Sources */ = {isa = PBXBuildFile; fileRef = 772D73AE230A3DCF0068AB48 /* CommonGuideView.m */; };
		772D73B3230A3F670068AB48 /* LogInViewController.m in Sources */ = {isa = PBXBuildFile; fileRef = 772D73B2230A3F670068AB48 /* LogInViewController.m */; };
		772D73B7230A3FA60068AB48 /* DPLogInView.m in Sources */ = {isa = PBXBuildFile; fileRef = 772D73B6230A3FA60068AB48 /* DPLogInView.m */; };
		772D73B9230A3FC50068AB48 /* DPLogInView.xib in Resources */ = {isa = PBXBuildFile; fileRef = 772D73B8230A3FC50068AB48 /* DPLogInView.xib */; };
		772D73C4230A798C0068AB48 /* pdf_login_icon.pdf in Resources */ = {isa = PBXBuildFile; fileRef = 772D73C2230A798B0068AB48 /* pdf_login_icon.pdf */; };
		772D73C5230A798C0068AB48 /* pdf_login_language.pdf in Resources */ = {isa = PBXBuildFile; fileRef = 772D73C3230A798B0068AB48 /* pdf_login_language.pdf */; };
		772D73C8230A845D0068AB48 /* LogInVerifyViewController.m in Sources */ = {isa = PBXBuildFile; fileRef = 772D73C7230A845D0068AB48 /* LogInVerifyViewController.m */; };
		772D73D1230A86860068AB48 /* LogInVerifyCodeView.xib in Resources */ = {isa = PBXBuildFile; fileRef = 772D73CE230A86850068AB48 /* LogInVerifyCodeView.xib */; };
		772D73D2230A86860068AB48 /* LogInVerifyCodeView.m in Sources */ = {isa = PBXBuildFile; fileRef = 772D73CF230A86860068AB48 /* LogInVerifyCodeView.m */; };
		772D73D6230A89630068AB48 /* WKCustomCodeView.m in Sources */ = {isa = PBXBuildFile; fileRef = 772D73D3230A89620068AB48 /* WKCustomCodeView.m */; };
		772D73D7230A89630068AB48 /* WKCustomCodeView.xib in Resources */ = {isa = PBXBuildFile; fileRef = 772D73D4230A89620068AB48 /* WKCustomCodeView.xib */; };
		772D73DA230A9C0F0068AB48 /* pdf_pass_code_unselect.pdf in Resources */ = {isa = PBXBuildFile; fileRef = 772D73D8230A9C0F0068AB48 /* pdf_pass_code_unselect.pdf */; };
		772D73DB230A9C0F0068AB48 /* pdf_pass_code_select.pdf in Resources */ = {isa = PBXBuildFile; fileRef = 772D73D9230A9C0F0068AB48 /* pdf_pass_code_select.pdf */; };
		777EAEB7230CEA6B009D7B22 /* WKBaseModel.m in Sources */ = {isa = PBXBuildFile; fileRef = 777EAEB2230CEA6A009D7B22 /* WKBaseModel.m */; };
		777EAEB8230CEA6B009D7B22 /* WKNetWorkManager.m in Sources */ = {isa = PBXBuildFile; fileRef = 777EAEB5230CEA6B009D7B22 /* WKNetWorkManager.m */; };
		CCA748C92303046400846BDF /* CLMainTabBarControllerConfig.m in Sources */ = {isa = PBXBuildFile; fileRef = CCA748C82303046400846BDF /* CLMainTabBarControllerConfig.m */; };
		CCA748CC2303082600846BDF /* CLHistoryViewController.m in Sources */ = {isa = PBXBuildFile; fileRef = CCA748CB2303082600846BDF /* CLHistoryViewController.m */; };
		CCA748CF230308CF00846BDF /* CLCollectionViewController.m in Sources */ = {isa = PBXBuildFile; fileRef = CCA748CE230308CF00846BDF /* CLCollectionViewController.m */; };
		CCA748D22303098F00846BDF /* CLMeViewController.m in Sources */ = {isa = PBXBuildFile; fileRef = CCA748D12303098F00846BDF /* CLMeViewController.m */; };
		CCBCE3D82307C8C400EE5DA1 /* CLMeLanguage.m in Sources */ = {isa = PBXBuildFile; fileRef = CCBCE3D62307C8C400EE5DA1 /* CLMeLanguage.m */; };
		CCBCE3D92307C8C400EE5DA1 /* CLMeLanguage.xib in Resources */ = {isa = PBXBuildFile; fileRef = CCBCE3D72307C8C400EE5DA1 /* CLMeLanguage.xib */; };
		CCBCE3DD2307DB5800EE5DA1 /* pdf_me_language_selected.pdf in Resources */ = {isa = PBXBuildFile; fileRef = CCBCE3DC2307DB5800EE5DA1 /* pdf_me_language_selected.pdf */; };
		CCFBE3D723096407004210A1 /* pdf_me_message_logo.pdf in Resources */ = {isa = PBXBuildFile; fileRef = CCFBE3D623096407004210A1 /* pdf_me_message_logo.pdf */; };
		CF23B3EC230F7CC600FAC43C /* CLHistoryRemittancePlan.m in Sources */ = {isa = PBXBuildFile; fileRef = CF23B3EB230F7CC600FAC43C /* CLHistoryRemittancePlan.m */; };
		CF23B3EE230F84FC00FAC43C /* pdf_history_remittanceplan.pdf in Resources */ = {isa = PBXBuildFile; fileRef = CF23B3ED230F84FC00FAC43C /* pdf_history_remittanceplan.pdf */; };
		CF23B3F1230F8A5E00FAC43C /* CLHistoryRenittabcePlanVIew.m in Sources */ = {isa = PBXBuildFile; fileRef = CF23B3F0230F8A5E00FAC43C /* CLHistoryRenittabcePlanVIew.m */; };
		CF277DA6230544C200A37B5C /* pdf_collection_shrink.pdf in Resources */ = {isa = PBXBuildFile; fileRef = CF277DA4230544C200A37B5C /* pdf_collection_shrink.pdf */; };
		CF277DA7230544C200A37B5C /* pdf_collection_unfold.pdf in Resources */ = {isa = PBXBuildFile; fileRef = CF277DA5230544C200A37B5C /* pdf_collection_unfold.pdf */; };
		CF277DAB23054BB800A37B5C /* CLCollectionTableViewCell.m in Sources */ = {isa = PBXBuildFile; fileRef = CF277DA923054BB800A37B5C /* CLCollectionTableViewCell.m */; };
		CF277DAC23054BB800A37B5C /* CLCollectionTableViewCell.xib in Resources */ = {isa = PBXBuildFile; fileRef = CF277DAA23054BB800A37B5C /* CLCollectionTableViewCell.xib */; };
		CF277DAF23055C0100A37B5C /* CLNavgationView_button.m in Sources */ = {isa = PBXBuildFile; fileRef = CF277DAE23055C0100A37B5C /* CLNavgationView_button.m */; };
		CF277DB32305750800A37B5C /* CLNavgationViewButton.xib in Resources */ = {isa = PBXBuildFile; fileRef = CF277DB22305750800A37B5C /* CLNavgationViewButton.xib */; };
		CF2C42AF230E944700A16732 /* pdf_collection_hint_success.pdf in Resources */ = {isa = PBXBuildFile; fileRef = CF2C42AC230E944500A16732 /* pdf_collection_hint_success.pdf */; };
		CF2C42B0230E944700A16732 /* pdf_collection_hint_delete.pdf in Resources */ = {isa = PBXBuildFile; fileRef = CF2C42AD230E944600A16732 /* pdf_collection_hint_delete.pdf */; };
		CF2C42B1230E944700A16732 /* pdf_collection_hint_modifysuccessfully.pdf in Resources */ = {isa = PBXBuildFile; fileRef = CF2C42AE230E944600A16732 /* pdf_collection_hint_modifysuccessfully.pdf */; };
		CF2C42B3230E9A1400A16732 /* pdf_collection_delete_icon.pdf in Resources */ = {isa = PBXBuildFile; fileRef = CF2C42B2230E9A1300A16732 /* pdf_collection_delete_icon.pdf */; };
		CF36E26C23025DAF00F1AE2B /* pdf_home_transfer_2.pdf in Resources */ = {isa = PBXBuildFile; fileRef = CF36E26A23025DAF00F1AE2B /* pdf_home_transfer_2.pdf */; };
		CF36E27123025E0400F1AE2B /* CLTableViewCell.m in Sources */ = {isa = PBXBuildFile; fileRef = CF36E26F23025E0400F1AE2B /* CLTableViewCell.m */; };
		CF36E27223025E0400F1AE2B /* CLTableViewCell.xib in Resources */ = {isa = PBXBuildFile; fileRef = CF36E27023025E0400F1AE2B /* CLTableViewCell.xib */; };
		CF36E274230299B600F1AE2B /* pdf_home_cell_out.pdf in Resources */ = {isa = PBXBuildFile; fileRef = CF36E273230299B600F1AE2B /* pdf_home_cell_out.pdf */; };
		CF36E2762302A76800F1AE2B /* pdf_home_transfer_1.pdf in Resources */ = {isa = PBXBuildFile; fileRef = CF36E2752302A76800F1AE2B /* pdf_home_transfer_1.pdf */; };
		CF5A8C352306831000745FE9 /* CLMeTableViewCell.m in Sources */ = {isa = PBXBuildFile; fileRef = CF5A8C332306831000745FE9 /* CLMeTableViewCell.m */; };
		CF5A8C362306831000745FE9 /* CLMeTableViewCell.xib in Resources */ = {isa = PBXBuildFile; fileRef = CF5A8C342306831000745FE9 /* CLMeTableViewCell.xib */; };
		CF5A8C3A23068A5000745FE9 /* pdf_me_userImage.pdf in Resources */ = {isa = PBXBuildFile; fileRef = CF5A8C3923068A5000745FE9 /* pdf_me_userImage.pdf */; };
		CF5A8C542306A1DE00745FE9 /* pdf_me_callme.pdf in Resources */ = {isa = PBXBuildFile; fileRef = CF5A8C4F2306A1DD00745FE9 /* pdf_me_callme.pdf */; };
		CF5A8C552306A1DE00745FE9 /* pdf_me_logout.pdf in Resources */ = {isa = PBXBuildFile; fileRef = CF5A8C502306A1DD00745FE9 /* pdf_me_logout.pdf */; };
		CF5A8C562306A1DE00745FE9 /* pdf_me_language.pdf in Resources */ = {isa = PBXBuildFile; fileRef = CF5A8C512306A1DD00745FE9 /* pdf_me_language.pdf */; };
		CF5A8C572306A1DE00745FE9 /* pdf_me_pact.pdf in Resources */ = {isa = PBXBuildFile; fileRef = CF5A8C522306A1DD00745FE9 /* pdf_me_pact.pdf */; };
		CF5A8C582306A1DE00745FE9 /* pdf_me_message.pdf in Resources */ = {isa = PBXBuildFile; fileRef = CF5A8C532306A1DD00745FE9 /* pdf_me_message.pdf */; };
		CF5A8C5E2306B7E000745FE9 /* CLMeLanguageViewController.m in Sources */ = {isa = PBXBuildFile; fileRef = CF5A8C5D2306B7E000745FE9 /* CLMeLanguageViewController.m */; };
		CF5A8C612306BA9C00745FE9 /* CLMeCallMeViewController.m in Sources */ = {isa = PBXBuildFile; fileRef = CF5A8C602306BA9C00745FE9 /* CLMeCallMeViewController.m */; };
		CF5A8C642306BACB00745FE9 /* CLMeMessageViewController.m in Sources */ = {isa = PBXBuildFile; fileRef = CF5A8C632306BACB00745FE9 /* CLMeMessageViewController.m */; };
		CF66AC63230FED2F005BA46D /* CLCollectionAlter.m in Sources */ = {isa = PBXBuildFile; fileRef = CF66AC62230FED2F005BA46D /* CLCollectionAlter.m */; };
		CF6BBB532303AA1000EB5BBB /* pdf_home_home_tabbarselected.pdf in Resources */ = {isa = PBXBuildFile; fileRef = CF6BBB522303AA1000EB5BBB /* pdf_home_home_tabbarselected.pdf */; };
		CF6BBB552303AB4400EB5BBB /* pdf_home_home_tabbar.pdf in Resources */ = {isa = PBXBuildFile; fileRef = CF6BBB542303AB4400EB5BBB /* pdf_home_home_tabbar.pdf */; };
		CF6BBB582303AC3B00EB5BBB /* pdf_home_history_tabbar.pdf in Resources */ = {isa = PBXBuildFile; fileRef = CF6BBB562303AC3B00EB5BBB /* pdf_home_history_tabbar.pdf */; };
		CF6BBB592303AC3B00EB5BBB /* pdf_home_history_tabbarselected.pdf in Resources */ = {isa = PBXBuildFile; fileRef = CF6BBB572303AC3B00EB5BBB /* pdf_home_history_tabbarselected.pdf */; };
		CF6BBB5E2303ACD400EB5BBB /* pdf_home_me_tabbarselected.pdf in Resources */ = {isa = PBXBuildFile; fileRef = CF6BBB5A2303ACD400EB5BBB /* pdf_home_me_tabbarselected.pdf */; };
		CF6BBB5F2303ACD400EB5BBB /* pdf_home_me_tabbar.pdf in Resources */ = {isa = PBXBuildFile; fileRef = CF6BBB5B2303ACD400EB5BBB /* pdf_home_me_tabbar.pdf */; };
		CF6BBB602303ACD400EB5BBB /* pdf_home_collection_tabbarselected.pdf in Resources */ = {isa = PBXBuildFile; fileRef = CF6BBB5C2303ACD400EB5BBB /* pdf_home_collection_tabbarselected.pdf */; };
		CF6BBB612303ACD400EB5BBB /* pdf_home_collection_tabbar.pdf in Resources */ = {isa = PBXBuildFile; fileRef = CF6BBB5D2303ACD400EB5BBB /* pdf_home_collection_tabbar.pdf */; };
		CF6BBC9D2304138700EB5BBB /* CLHiStoryTableViewCell.m in Sources */ = {isa = PBXBuildFile; fileRef = CF6BBC9B2304138700EB5BBB /* CLHiStoryTableViewCell.m */; };
		CF6BBC9E2304138700EB5BBB /* CLHiStoryTableViewCell.xib in Resources */ = {isa = PBXBuildFile; fileRef = CF6BBC9C2304138700EB5BBB /* CLHiStoryTableViewCell.xib */; };
		CF70EBFF230A360200695E7B /* CLTool.m in Sources */ = {isa = PBXBuildFile; fileRef = CF70EBFE230A360200695E7B /* CLTool.m */; };
		CFC33F83230D18D400C04207 /* CLCollectionAddSelectTableView.m in Sources */ = {isa = PBXBuildFile; fileRef = CFC33F80230D18D300C04207 /* CLCollectionAddSelectTableView.m */; };
		CFC33F84230D18D400C04207 /* CLCollectionAddSelectTableView.xib in Resources */ = {isa = PBXBuildFile; fileRef = CFC33F81230D18D300C04207 /* CLCollectionAddSelectTableView.xib */; };
		CFC33F85230D18D400C04207 /* CLCollectionAddSelect.m in Sources */ = {isa = PBXBuildFile; fileRef = CFC33F82230D18D300C04207 /* CLCollectionAddSelect.m */; };
		CFC33F88230D197A00C04207 /* CLCollectionAdd.m in Sources */ = {isa = PBXBuildFile; fileRef = CFC33F86230D197A00C04207 /* CLCollectionAdd.m */; };
		CFC33F8B230D19C800C04207 /* CLMeClauseOfTreaty.m in Sources */ = {isa = PBXBuildFile; fileRef = CFC33F8A230D19C800C04207 /* CLMeClauseOfTreaty.m */; };
		CFC33F8E230D19F800C04207 /* CLMeMessageSetViewController.m in Sources */ = {isa = PBXBuildFile; fileRef = CFC33F8D230D19F800C04207 /* CLMeMessageSetViewController.m */; };
		CFC33F90230D1B2000C04207 /* pdf_collection_select.pdf in Resources */ = {isa = PBXBuildFile; fileRef = CFC33F8F230D1B2000C04207 /* pdf_collection_select.pdf */; };
		CFE796592301548F004C09C4 /* pdf_home_title.pdf in Resources */ = {isa = PBXBuildFile; fileRef = CFE796582301548E004C09C4 /* pdf_home_title.pdf */; };
		CFE7965C230155AA004C09C4 /* CLTitleView.m in Sources */ = {isa = PBXBuildFile; fileRef = CFE7965B230155AA004C09C4 /* CLTitleView.m */; };
		CFE7965E230155CD004C09C4 /* CLTitleView.xib in Resources */ = {isa = PBXBuildFile; fileRef = CFE7965D230155CD004C09C4 /* CLTitleView.xib */; };
		CFE7966123016589004C09C4 /* BaseViewController.m in Sources */ = {isa = PBXBuildFile; fileRef = CFE7966023016589004C09C4 /* BaseViewController.m */; };
		CFE7966423016614004C09C4 /* CLHomeViewController.m in Sources */ = {isa = PBXBuildFile; fileRef = CFE7966323016614004C09C4 /* CLHomeViewController.m */; };
/* End PBXBuildFile section */

/* Begin PBXContainerItemProxy section */
		1863DA5F23011A08000969FE /* PBXContainerItemProxy */ = {
			isa = PBXContainerItemProxy;
			containerPortal = 1863DA3E23011A07000969FE /* Project object */;
			proxyType = 1;
			remoteGlobalIDString = 1863DA4523011A07000969FE;
			remoteInfo = FOMOPay;
		};
		1863DA6A23011A08000969FE /* PBXContainerItemProxy */ = {
			isa = PBXContainerItemProxy;
			containerPortal = 1863DA3E23011A07000969FE /* Project object */;
			proxyType = 1;
			remoteGlobalIDString = 1863DA4523011A07000969FE;
			remoteInfo = FOMOPay;
		};
/* End PBXContainerItemProxy section */

/* Begin PBXFileReference section */
		1863DA4623011A07000969FE /* FOMOPay.app */ = {isa = PBXFileReference; explicitFileType = wrapper.application; includeInIndex = 0; path = FOMOPay.app; sourceTree = BUILT_PRODUCTS_DIR; };
		1863DA4923011A07000969FE /* AppDelegate.h */ = {isa = PBXFileReference; lastKnownFileType = sourcecode.c.h; path = AppDelegate.h; sourceTree = "<group>"; };
		1863DA4A23011A07000969FE /* AppDelegate.m */ = {isa = PBXFileReference; lastKnownFileType = sourcecode.c.objc; path = AppDelegate.m; sourceTree = "<group>"; };
		1863DA4C23011A07000969FE /* ViewController.h */ = {isa = PBXFileReference; lastKnownFileType = sourcecode.c.h; path = ViewController.h; sourceTree = "<group>"; };
		1863DA4D23011A07000969FE /* ViewController.m */ = {isa = PBXFileReference; lastKnownFileType = sourcecode.c.objc; path = ViewController.m; sourceTree = "<group>"; };
		1863DA5023011A07000969FE /* Base */ = {isa = PBXFileReference; lastKnownFileType = file.storyboard; name = Base; path = Base.lproj/Main.storyboard; sourceTree = "<group>"; };
		1863DA5223011A08000969FE /* Assets.xcassets */ = {isa = PBXFileReference; lastKnownFileType = folder.assetcatalog; path = Assets.xcassets; sourceTree = "<group>"; };
		1863DA5523011A08000969FE /* Base */ = {isa = PBXFileReference; lastKnownFileType = file.storyboard; name = Base; path = Base.lproj/LaunchScreen.storyboard; sourceTree = "<group>"; };
		1863DA5723011A08000969FE /* Info.plist */ = {isa = PBXFileReference; lastKnownFileType = text.plist.xml; path = Info.plist; sourceTree = "<group>"; };
		1863DA5823011A08000969FE /* main.m */ = {isa = PBXFileReference; lastKnownFileType = sourcecode.c.objc; path = main.m; sourceTree = "<group>"; };
		1863DA5E23011A08000969FE /* FOMOPayTests.xctest */ = {isa = PBXFileReference; explicitFileType = wrapper.cfbundle; includeInIndex = 0; path = FOMOPayTests.xctest; sourceTree = BUILT_PRODUCTS_DIR; };
		1863DA6223011A08000969FE /* FOMOPayTests.m */ = {isa = PBXFileReference; lastKnownFileType = sourcecode.c.objc; path = FOMOPayTests.m; sourceTree = "<group>"; };
		1863DA6423011A08000969FE /* Info.plist */ = {isa = PBXFileReference; lastKnownFileType = text.plist.xml; path = Info.plist; sourceTree = "<group>"; };
		1863DA6923011A08000969FE /* FOMOPayUITests.xctest */ = {isa = PBXFileReference; explicitFileType = wrapper.cfbundle; includeInIndex = 0; path = FOMOPayUITests.xctest; sourceTree = BUILT_PRODUCTS_DIR; };
		1863DA6D23011A08000969FE /* FOMOPayUITests.m */ = {isa = PBXFileReference; lastKnownFileType = sourcecode.c.objc; path = FOMOPayUITests.m; sourceTree = "<group>"; };
		1863DA6F23011A08000969FE /* Info.plist */ = {isa = PBXFileReference; lastKnownFileType = text.plist.xml; path = Info.plist; sourceTree = "<group>"; };
		1863DA82230120AB000969FE /* WKWindowManagerFramework.framework */ = {isa = PBXFileReference; lastKnownFileType = wrapper.framework; path = WKWindowManagerFramework.framework; sourceTree = "<group>"; };
		1863DA8923013A87000969FE /* YHPDFImageLoader.h */ = {isa = PBXFileReference; fileEncoding = 4; lastKnownFileType = sourcecode.c.h; path = YHPDFImageLoader.h; sourceTree = "<group>"; };
		1863DA8A23013A87000969FE /* YHPDFImageCache.m */ = {isa = PBXFileReference; fileEncoding = 4; lastKnownFileType = sourcecode.c.objc; path = YHPDFImageCache.m; sourceTree = "<group>"; };
		1863DA8B23013A87000969FE /* YHPDFImageDraw.h */ = {isa = PBXFileReference; fileEncoding = 4; lastKnownFileType = sourcecode.c.h; path = YHPDFImageDraw.h; sourceTree = "<group>"; };
		1863DA8C23013A87000969FE /* UIImage+YHPDFIcon.h */ = {isa = PBXFileReference; fileEncoding = 4; lastKnownFileType = sourcecode.c.h; path = "UIImage+YHPDFIcon.h"; sourceTree = "<group>"; };
		1863DA8D23013A87000969FE /* NSString+YHMD5.m */ = {isa = PBXFileReference; fileEncoding = 4; lastKnownFileType = sourcecode.c.objc; path = "NSString+YHMD5.m"; sourceTree = "<group>"; };
		1863DA8E23013A87000969FE /* YHPDFImagePath.m */ = {isa = PBXFileReference; fileEncoding = 4; lastKnownFileType = sourcecode.c.objc; path = YHPDFImagePath.m; sourceTree = "<group>"; };
		1863DA8F23013A87000969FE /* YHPDFImageCache.h */ = {isa = PBXFileReference; fileEncoding = 4; lastKnownFileType = sourcecode.c.h; path = YHPDFImageCache.h; sourceTree = "<group>"; };
		1863DA9023013A87000969FE /* YH_config.h */ = {isa = PBXFileReference; fileEncoding = 4; lastKnownFileType = sourcecode.c.h; path = YH_config.h; sourceTree = "<group>"; };
		1863DA9123013A87000969FE /* YHPDFImageLoader.m */ = {isa = PBXFileReference; fileEncoding = 4; lastKnownFileType = sourcecode.c.objc; path = YHPDFImageLoader.m; sourceTree = "<group>"; };
		1863DA9223013A87000969FE /* UIImage+YHPDFIcon.m */ = {isa = PBXFileReference; fileEncoding = 4; lastKnownFileType = sourcecode.c.objc; path = "UIImage+YHPDFIcon.m"; sourceTree = "<group>"; };
		1863DA9323013A87000969FE /* YHPDFImageDraw.m */ = {isa = PBXFileReference; fileEncoding = 4; lastKnownFileType = sourcecode.c.objc; path = YHPDFImageDraw.m; sourceTree = "<group>"; };
		1863DA9423013A87000969FE /* NSString+YHMD5.h */ = {isa = PBXFileReference; fileEncoding = 4; lastKnownFileType = sourcecode.c.h; path = "NSString+YHMD5.h"; sourceTree = "<group>"; };
		1863DA9523013A87000969FE /* YHPDFImagePath.h */ = {isa = PBXFileReference; fileEncoding = 4; lastKnownFileType = sourcecode.c.h; path = YHPDFImagePath.h; sourceTree = "<group>"; };
		1863DAA723014511000969FE /* WRNavigationBar.m */ = {isa = PBXFileReference; fileEncoding = 4; lastKnownFileType = sourcecode.c.objc; path = WRNavigationBar.m; sourceTree = "<group>"; };
		1863DAA823014511000969FE /* WRCustomNavigationBar.h */ = {isa = PBXFileReference; fileEncoding = 4; lastKnownFileType = sourcecode.c.h; path = WRCustomNavigationBar.h; sourceTree = "<group>"; };
		1863DAA923014511000969FE /* WRNavigationBar.h */ = {isa = PBXFileReference; fileEncoding = 4; lastKnownFileType = sourcecode.c.h; path = WRNavigationBar.h; sourceTree = "<group>"; };
		1863DAAA23014511000969FE /* WRCustomNavigationBar.m */ = {isa = PBXFileReference; fileEncoding = 4; lastKnownFileType = sourcecode.c.objc; path = WRCustomNavigationBar.m; sourceTree = "<group>"; };
		18B7BEE12304EBE3007B496A /* CLNavgationView.h */ = {isa = PBXFileReference; lastKnownFileType = sourcecode.c.h; path = CLNavgationView.h; sourceTree = "<group>"; };
		18B7BEE22304EBE3007B496A /* CLNavgationView.m */ = {isa = PBXFileReference; lastKnownFileType = sourcecode.c.objc; path = CLNavgationView.m; sourceTree = "<group>"; };
		18B7BEE42304EC82007B496A /* CLNavgationHomeView.xib */ = {isa = PBXFileReference; lastKnownFileType = file.xib; path = CLNavgationHomeView.xib; sourceTree = "<group>"; };
		18B7BEE62304ECFD007B496A /* CLNavgationNormalView.xib */ = {isa = PBXFileReference; lastKnownFileType = file.xib; path = CLNavgationNormalView.xib; sourceTree = "<group>"; };
		18B7BEE82304F1CE007B496A /* Header.h */ = {isa = PBXFileReference; lastKnownFileType = sourcecode.c.h; name = Header.h; path = FOMOPay/BaseManager/NavgationBarView/Header.h; sourceTree = SOURCE_ROOT; };
		18B7BEEA2304F572007B496A /* CLNavModel.h */ = {isa = PBXFileReference; lastKnownFileType = sourcecode.c.h; path = CLNavModel.h; sourceTree = "<group>"; };
		18B7BEEB2304F572007B496A /* CLNavModel.m */ = {isa = PBXFileReference; lastKnownFileType = sourcecode.c.objc; path = CLNavModel.m; sourceTree = "<group>"; };
		18B7BEED2304FB8E007B496A /* pdf_nav_back.pdf */ = {isa = PBXFileReference; lastKnownFileType = image.pdf; path = pdf_nav_back.pdf; sourceTree = "<group>"; };
		18B7BEEF2304FC9E007B496A /* CLHomeDetailVC.h */ = {isa = PBXFileReference; lastKnownFileType = sourcecode.c.h; path = CLHomeDetailVC.h; sourceTree = "<group>"; };
		18B7BEF02304FC9E007B496A /* CLHomeDetailVC.m */ = {isa = PBXFileReference; lastKnownFileType = sourcecode.c.objc; path = CLHomeDetailVC.m; sourceTree = "<group>"; };
		365F37B62573D6AD38920DD0 /* Pods-FOMOPay.release.xcconfig */ = {isa = PBXFileReference; includeInIndex = 1; lastKnownFileType = text.xcconfig; name = "Pods-FOMOPay.release.xcconfig"; path = "Pods/Target Support Files/Pods-FOMOPay/Pods-FOMOPay.release.xcconfig"; sourceTree = "<group>"; };
		3F1006515BE60B5DD9F894BA /* Pods-FOMOPay.debug.xcconfig */ = {isa = PBXFileReference; includeInIndex = 1; lastKnownFileType = text.xcconfig; name = "Pods-FOMOPay.debug.xcconfig"; path = "Pods/Target Support Files/Pods-FOMOPay/Pods-FOMOPay.debug.xcconfig"; sourceTree = "<group>"; };
		59884581E113A0DB27EEB629 /* libPods-FOMOPay.a */ = {isa = PBXFileReference; explicitFileType = archive.ar; includeInIndex = 0; path = "libPods-FOMOPay.a"; sourceTree = BUILT_PRODUCTS_DIR; };
		77023989230B83C100EE8C31 /* HomeListCell.h */ = {isa = PBXFileReference; lastKnownFileType = sourcecode.c.h; path = HomeListCell.h; sourceTree = "<group>"; };
		7702398A230B83C100EE8C31 /* HomeListCell.m */ = {isa = PBXFileReference; lastKnownFileType = sourcecode.c.objc; path = HomeListCell.m; sourceTree = "<group>"; };
		7702398B230B83C100EE8C31 /* HomeListCell.xib */ = {isa = PBXFileReference; lastKnownFileType = file.xib; path = HomeListCell.xib; sourceTree = "<group>"; };
		7702398F230B8AE000EE8C31 /* HomeDataObject.h */ = {isa = PBXFileReference; lastKnownFileType = sourcecode.c.h; path = HomeDataObject.h; sourceTree = "<group>"; };
		77023990230B8AE000EE8C31 /* HomeDataObject.m */ = {isa = PBXFileReference; lastKnownFileType = sourcecode.c.objc; path = HomeDataObject.m; sourceTree = "<group>"; };
		77023995230BDD7F00EE8C31 /* HomeListCollectionCell.h */ = {isa = PBXFileReference; lastKnownFileType = sourcecode.c.h; path = HomeListCollectionCell.h; sourceTree = "<group>"; };
		77023996230BDD7F00EE8C31 /* HomeListCollectionCell.m */ = {isa = PBXFileReference; lastKnownFileType = sourcecode.c.objc; path = HomeListCollectionCell.m; sourceTree = "<group>"; };
		77023997230BDD7F00EE8C31 /* HomeListCollectionCell.xib */ = {isa = PBXFileReference; lastKnownFileType = file.xib; path = HomeListCollectionCell.xib; sourceTree = "<group>"; };
		7702399A230BE88C00EE8C31 /* pdf_home_packUp_icon.pdf */ = {isa = PBXFileReference; lastKnownFileType = image.pdf; path = pdf_home_packUp_icon.pdf; sourceTree = "<group>"; };
		770239A2230BFD2A00EE8C31 /* pdf.guideView_icon_china_4.pdf */ = {isa = PBXFileReference; lastKnownFileType = image.pdf; path = pdf.guideView_icon_china_4.pdf; sourceTree = "<group>"; };
		770239A3230BFD2A00EE8C31 /* pdf.guideView_icon_china_1.pdf */ = {isa = PBXFileReference; lastKnownFileType = image.pdf; path = pdf.guideView_icon_china_1.pdf; sourceTree = "<group>"; };
		770239A4230BFD2A00EE8C31 /* pdf.guideView_icon_china_3.pdf */ = {isa = PBXFileReference; lastKnownFileType = image.pdf; path = pdf.guideView_icon_china_3.pdf; sourceTree = "<group>"; };
		770239A5230BFD2A00EE8C31 /* pdf.guideView_icon_china_2.pdf */ = {isa = PBXFileReference; lastKnownFileType = image.pdf; path = pdf.guideView_icon_china_2.pdf; sourceTree = "<group>"; };
		770239A6230BFD2A00EE8C31 /* pdf.guideView_icon_english_4.pdf */ = {isa = PBXFileReference; lastKnownFileType = image.pdf; path = pdf.guideView_icon_english_4.pdf; sourceTree = "<group>"; };
		770239A7230BFD2A00EE8C31 /* pdf.guideView_icon_english_1.pdf */ = {isa = PBXFileReference; lastKnownFileType = image.pdf; path = pdf.guideView_icon_english_1.pdf; sourceTree = "<group>"; };
		770239A8230BFD2A00EE8C31 /* pdf.guideView_icon_english_2.pdf */ = {isa = PBXFileReference; lastKnownFileType = image.pdf; path = pdf.guideView_icon_english_2.pdf; sourceTree = "<group>"; };
		770239A9230BFD2A00EE8C31 /* pdf.guideView_icon_english_3.pdf */ = {isa = PBXFileReference; lastKnownFileType = image.pdf; path = pdf.guideView_icon_english_3.pdf; sourceTree = "<group>"; };
		7715017D2310E07D0016B449 /* CommonGuideViewController.h */ = {isa = PBXFileReference; lastKnownFileType = sourcecode.c.h; path = CommonGuideViewController.h; sourceTree = "<group>"; };
		7715017E2310E07D0016B449 /* CommonGuideViewController.m */ = {isa = PBXFileReference; lastKnownFileType = sourcecode.c.objc; path = CommonGuideViewController.m; sourceTree = "<group>"; };
		77150181231114D60016B449 /* HomeRefundViewController.h */ = {isa = PBXFileReference; lastKnownFileType = sourcecode.c.h; path = HomeRefundViewController.h; sourceTree = "<group>"; };
		77150182231114D60016B449 /* HomeRefundViewController.m */ = {isa = PBXFileReference; lastKnownFileType = sourcecode.c.objc; path = HomeRefundViewController.m; sourceTree = "<group>"; };
		771501862311176B0016B449 /* HomeRefundListCell.h */ = {isa = PBXFileReference; lastKnownFileType = sourcecode.c.h; path = HomeRefundListCell.h; sourceTree = "<group>"; };
		771501872311176B0016B449 /* HomeRefundListCell.m */ = {isa = PBXFileReference; lastKnownFileType = sourcecode.c.objc; path = HomeRefundListCell.m; sourceTree = "<group>"; };
		771501882311176B0016B449 /* HomeRefundListCell.xib */ = {isa = PBXFileReference; lastKnownFileType = file.xib; path = HomeRefundListCell.xib; sourceTree = "<group>"; };
		7715018B231121E10016B449 /* HomeRefundSelectBankView.h */ = {isa = PBXFileReference; lastKnownFileType = sourcecode.c.h; path = HomeRefundSelectBankView.h; sourceTree = "<group>"; };
		7715018C231121E10016B449 /* HomeRefundSelectBankView.m */ = {isa = PBXFileReference; lastKnownFileType = sourcecode.c.objc; path = HomeRefundSelectBankView.m; sourceTree = "<group>"; };
		7715018E231121ED0016B449 /* HomeRefundSelectBankView.xib */ = {isa = PBXFileReference; lastKnownFileType = file.xib; path = HomeRefundSelectBankView.xib; sourceTree = "<group>"; };
		772D73AD230A3DCF0068AB48 /* CommonGuideView.h */ = {isa = PBXFileReference; fileEncoding = 4; lastKnownFileType = sourcecode.c.h; path = CommonGuideView.h; sourceTree = "<group>"; };
		772D73AE230A3DCF0068AB48 /* CommonGuideView.m */ = {isa = PBXFileReference; fileEncoding = 4; lastKnownFileType = sourcecode.c.objc; path = CommonGuideView.m; sourceTree = "<group>"; };
		772D73B1230A3F670068AB48 /* LogInViewController.h */ = {isa = PBXFileReference; lastKnownFileType = sourcecode.c.h; path = LogInViewController.h; sourceTree = "<group>"; };
		772D73B2230A3F670068AB48 /* LogInViewController.m */ = {isa = PBXFileReference; lastKnownFileType = sourcecode.c.objc; path = LogInViewController.m; sourceTree = "<group>"; };
		772D73B5230A3FA60068AB48 /* DPLogInView.h */ = {isa = PBXFileReference; lastKnownFileType = sourcecode.c.h; path = DPLogInView.h; sourceTree = "<group>"; };
		772D73B6230A3FA60068AB48 /* DPLogInView.m */ = {isa = PBXFileReference; lastKnownFileType = sourcecode.c.objc; path = DPLogInView.m; sourceTree = "<group>"; };
		772D73B8230A3FC50068AB48 /* DPLogInView.xib */ = {isa = PBXFileReference; lastKnownFileType = file.xib; path = DPLogInView.xib; sourceTree = "<group>"; };
		772D73C2230A798B0068AB48 /* pdf_login_icon.pdf */ = {isa = PBXFileReference; lastKnownFileType = image.pdf; path = pdf_login_icon.pdf; sourceTree = "<group>"; };
		772D73C3230A798B0068AB48 /* pdf_login_language.pdf */ = {isa = PBXFileReference; lastKnownFileType = image.pdf; path = pdf_login_language.pdf; sourceTree = "<group>"; };
		772D73C6230A845D0068AB48 /* LogInVerifyViewController.h */ = {isa = PBXFileReference; lastKnownFileType = sourcecode.c.h; path = LogInVerifyViewController.h; sourceTree = "<group>"; };
		772D73C7230A845D0068AB48 /* LogInVerifyViewController.m */ = {isa = PBXFileReference; lastKnownFileType = sourcecode.c.objc; path = LogInVerifyViewController.m; sourceTree = "<group>"; };
		772D73CE230A86850068AB48 /* LogInVerifyCodeView.xib */ = {isa = PBXFileReference; fileEncoding = 4; lastKnownFileType = file.xib; path = LogInVerifyCodeView.xib; sourceTree = "<group>"; };
		772D73CF230A86860068AB48 /* LogInVerifyCodeView.m */ = {isa = PBXFileReference; fileEncoding = 4; lastKnownFileType = sourcecode.c.objc; path = LogInVerifyCodeView.m; sourceTree = "<group>"; };
		772D73D0230A86860068AB48 /* LogInVerifyCodeView.h */ = {isa = PBXFileReference; fileEncoding = 4; lastKnownFileType = sourcecode.c.h; path = LogInVerifyCodeView.h; sourceTree = "<group>"; };
		772D73D3230A89620068AB48 /* WKCustomCodeView.m */ = {isa = PBXFileReference; fileEncoding = 4; lastKnownFileType = sourcecode.c.objc; path = WKCustomCodeView.m; sourceTree = "<group>"; };
		772D73D4230A89620068AB48 /* WKCustomCodeView.xib */ = {isa = PBXFileReference; fileEncoding = 4; lastKnownFileType = file.xib; path = WKCustomCodeView.xib; sourceTree = "<group>"; };
		772D73D5230A89620068AB48 /* WKCustomCodeView.h */ = {isa = PBXFileReference; fileEncoding = 4; lastKnownFileType = sourcecode.c.h; path = WKCustomCodeView.h; sourceTree = "<group>"; };
		772D73D8230A9C0F0068AB48 /* pdf_pass_code_unselect.pdf */ = {isa = PBXFileReference; lastKnownFileType = image.pdf; path = pdf_pass_code_unselect.pdf; sourceTree = "<group>"; };
		772D73D9230A9C0F0068AB48 /* pdf_pass_code_select.pdf */ = {isa = PBXFileReference; lastKnownFileType = image.pdf; path = pdf_pass_code_select.pdf; sourceTree = "<group>"; };
		777EAEB2230CEA6A009D7B22 /* WKBaseModel.m */ = {isa = PBXFileReference; fileEncoding = 4; lastKnownFileType = sourcecode.c.objc; path = WKBaseModel.m; sourceTree = "<group>"; };
		777EAEB3230CEA6A009D7B22 /* WKBaseModel.h */ = {isa = PBXFileReference; fileEncoding = 4; lastKnownFileType = sourcecode.c.h; path = WKBaseModel.h; sourceTree = "<group>"; };
		777EAEB5230CEA6B009D7B22 /* WKNetWorkManager.m */ = {isa = PBXFileReference; fileEncoding = 4; lastKnownFileType = sourcecode.c.objc; path = WKNetWorkManager.m; sourceTree = "<group>"; };
		777EAEB6230CEA6B009D7B22 /* WKNetWorkManager.h */ = {isa = PBXFileReference; fileEncoding = 4; lastKnownFileType = sourcecode.c.h; path = WKNetWorkManager.h; sourceTree = "<group>"; };
		777EAEB9230CEB44009D7B22 /* PublicHeader.h */ = {isa = PBXFileReference; lastKnownFileType = sourcecode.c.h; path = PublicHeader.h; sourceTree = "<group>"; };
		CCA748C72303046400846BDF /* CLMainTabBarControllerConfig.h */ = {isa = PBXFileReference; lastKnownFileType = sourcecode.c.h; path = CLMainTabBarControllerConfig.h; sourceTree = "<group>"; };
		CCA748C82303046400846BDF /* CLMainTabBarControllerConfig.m */ = {isa = PBXFileReference; lastKnownFileType = sourcecode.c.objc; path = CLMainTabBarControllerConfig.m; sourceTree = "<group>"; };
		CCA748CA2303082600846BDF /* CLHistoryViewController.h */ = {isa = PBXFileReference; lastKnownFileType = sourcecode.c.h; name = CLHistoryViewController.h; path = FOMOPay/Home/CLHistoryViewController.h; sourceTree = SOURCE_ROOT; };
		CCA748CB2303082600846BDF /* CLHistoryViewController.m */ = {isa = PBXFileReference; lastKnownFileType = sourcecode.c.objc; name = CLHistoryViewController.m; path = FOMOPay/Home/CLHistoryViewController.m; sourceTree = SOURCE_ROOT; };
		CCA748CD230308CF00846BDF /* CLCollectionViewController.h */ = {isa = PBXFileReference; lastKnownFileType = sourcecode.c.h; name = CLCollectionViewController.h; path = FOMOPay/Home/CLCollectionViewController.h; sourceTree = SOURCE_ROOT; };
		CCA748CE230308CF00846BDF /* CLCollectionViewController.m */ = {isa = PBXFileReference; lastKnownFileType = sourcecode.c.objc; name = CLCollectionViewController.m; path = FOMOPay/Home/CLCollectionViewController.m; sourceTree = SOURCE_ROOT; };
		CCA748D02303098F00846BDF /* CLMeViewController.h */ = {isa = PBXFileReference; lastKnownFileType = sourcecode.c.h; name = CLMeViewController.h; path = FOMOPay/Home/CLMeViewController.h; sourceTree = SOURCE_ROOT; };
		CCA748D12303098F00846BDF /* CLMeViewController.m */ = {isa = PBXFileReference; lastKnownFileType = sourcecode.c.objc; name = CLMeViewController.m; path = FOMOPay/Home/CLMeViewController.m; sourceTree = SOURCE_ROOT; };
		CCBCE3D52307C8C400EE5DA1 /* CLMeLanguage.h */ = {isa = PBXFileReference; lastKnownFileType = sourcecode.c.h; name = CLMeLanguage.h; path = Views/Views/CLMeLanguage.h; sourceTree = SOURCE_ROOT; };
		CCBCE3D62307C8C400EE5DA1 /* CLMeLanguage.m */ = {isa = PBXFileReference; lastKnownFileType = sourcecode.c.objc; name = CLMeLanguage.m; path = Views/Views/CLMeLanguage.m; sourceTree = SOURCE_ROOT; };
		CCBCE3D72307C8C400EE5DA1 /* CLMeLanguage.xib */ = {isa = PBXFileReference; lastKnownFileType = file.xib; name = CLMeLanguage.xib; path = Views/Views/CLMeLanguage.xib; sourceTree = SOURCE_ROOT; };
		CCBCE3DC2307DB5800EE5DA1 /* pdf_me_language_selected.pdf */ = {isa = PBXFileReference; lastKnownFileType = image.pdf; path = pdf_me_language_selected.pdf; sourceTree = "<group>"; };
		CCFBE3D623096407004210A1 /* pdf_me_message_logo.pdf */ = {isa = PBXFileReference; lastKnownFileType = image.pdf; path = pdf_me_message_logo.pdf; sourceTree = "<group>"; };
		CF23B3EA230F7CC600FAC43C /* CLHistoryRemittancePlan.h */ = {isa = PBXFileReference; lastKnownFileType = sourcecode.c.h; name = CLHistoryRemittancePlan.h; path = FOMOPay/CLHistoryRemittancePlan.h; sourceTree = SOURCE_ROOT; };
		CF23B3EB230F7CC600FAC43C /* CLHistoryRemittancePlan.m */ = {isa = PBXFileReference; lastKnownFileType = sourcecode.c.objc; name = CLHistoryRemittancePlan.m; path = FOMOPay/CLHistoryRemittancePlan.m; sourceTree = SOURCE_ROOT; };
		CF23B3ED230F84FC00FAC43C /* pdf_history_remittanceplan.pdf */ = {isa = PBXFileReference; lastKnownFileType = image.pdf; path = pdf_history_remittanceplan.pdf; sourceTree = "<group>"; };
		CF23B3EF230F8A5E00FAC43C /* CLHistoryRenittabcePlanView.h */ = {isa = PBXFileReference; lastKnownFileType = sourcecode.c.h; name = CLHistoryRenittabcePlanView.h; path = Views/CLHistoryRenittabcePlanView.h; sourceTree = SOURCE_ROOT; };
		CF23B3F0230F8A5E00FAC43C /* CLHistoryRenittabcePlanVIew.m */ = {isa = PBXFileReference; lastKnownFileType = sourcecode.c.objc; name = CLHistoryRenittabcePlanVIew.m; path = Views/CLHistoryRenittabcePlanVIew.m; sourceTree = SOURCE_ROOT; };
		CF277DA4230544C200A37B5C /* pdf_collection_shrink.pdf */ = {isa = PBXFileReference; lastKnownFileType = image.pdf; path = pdf_collection_shrink.pdf; sourceTree = "<group>"; };
		CF277DA5230544C200A37B5C /* pdf_collection_unfold.pdf */ = {isa = PBXFileReference; lastKnownFileType = image.pdf; path = pdf_collection_unfold.pdf; sourceTree = "<group>"; };
		CF277DA823054BB800A37B5C /* CLCollectionTableViewCell.h */ = {isa = PBXFileReference; lastKnownFileType = sourcecode.c.h; name = CLCollectionTableViewCell.h; path = FOMOPay/Home/Views/CLCollectionTableViewCell.h; sourceTree = SOURCE_ROOT; };
		CF277DA923054BB800A37B5C /* CLCollectionTableViewCell.m */ = {isa = PBXFileReference; lastKnownFileType = sourcecode.c.objc; name = CLCollectionTableViewCell.m; path = FOMOPay/Home/Views/CLCollectionTableViewCell.m; sourceTree = SOURCE_ROOT; };
		CF277DAA23054BB800A37B5C /* CLCollectionTableViewCell.xib */ = {isa = PBXFileReference; lastKnownFileType = file.xib; name = CLCollectionTableViewCell.xib; path = FOMOPay/Home/Views/CLCollectionTableViewCell.xib; sourceTree = SOURCE_ROOT; };
		CF277DAD23055C0100A37B5C /* CLNavgationView_button.h */ = {isa = PBXFileReference; lastKnownFileType = sourcecode.c.h; path = CLNavgationView_button.h; sourceTree = "<group>"; };
		CF277DAE23055C0100A37B5C /* CLNavgationView_button.m */ = {isa = PBXFileReference; lastKnownFileType = sourcecode.c.objc; path = CLNavgationView_button.m; sourceTree = "<group>"; };
		CF277DB22305750800A37B5C /* CLNavgationViewButton.xib */ = {isa = PBXFileReference; fileEncoding = 4; lastKnownFileType = file.xib; path = CLNavgationViewButton.xib; sourceTree = "<group>"; };
		CF2C42AC230E944500A16732 /* pdf_collection_hint_success.pdf */ = {isa = PBXFileReference; lastKnownFileType = image.pdf; path = pdf_collection_hint_success.pdf; sourceTree = "<group>"; };
		CF2C42AD230E944600A16732 /* pdf_collection_hint_delete.pdf */ = {isa = PBXFileReference; lastKnownFileType = image.pdf; path = pdf_collection_hint_delete.pdf; sourceTree = "<group>"; };
		CF2C42AE230E944600A16732 /* pdf_collection_hint_modifysuccessfully.pdf */ = {isa = PBXFileReference; lastKnownFileType = image.pdf; path = pdf_collection_hint_modifysuccessfully.pdf; sourceTree = "<group>"; };
		CF2C42B2230E9A1300A16732 /* pdf_collection_delete_icon.pdf */ = {isa = PBXFileReference; lastKnownFileType = image.pdf; path = pdf_collection_delete_icon.pdf; sourceTree = "<group>"; };
		CF36E26A23025DAF00F1AE2B /* pdf_home_transfer_2.pdf */ = {isa = PBXFileReference; lastKnownFileType = image.pdf; path = pdf_home_transfer_2.pdf; sourceTree = "<group>"; };
		CF36E26E23025E0400F1AE2B /* CLTableViewCell.h */ = {isa = PBXFileReference; lastKnownFileType = sourcecode.c.h; path = CLTableViewCell.h; sourceTree = "<group>"; };
		CF36E26F23025E0400F1AE2B /* CLTableViewCell.m */ = {isa = PBXFileReference; lastKnownFileType = sourcecode.c.objc; path = CLTableViewCell.m; sourceTree = "<group>"; };
		CF36E27023025E0400F1AE2B /* CLTableViewCell.xib */ = {isa = PBXFileReference; lastKnownFileType = file.xib; path = CLTableViewCell.xib; sourceTree = "<group>"; };
		CF36E273230299B600F1AE2B /* pdf_home_cell_out.pdf */ = {isa = PBXFileReference; lastKnownFileType = image.pdf; path = pdf_home_cell_out.pdf; sourceTree = "<group>"; };
		CF36E2752302A76800F1AE2B /* pdf_home_transfer_1.pdf */ = {isa = PBXFileReference; lastKnownFileType = image.pdf; path = pdf_home_transfer_1.pdf; sourceTree = "<group>"; };
		CF5A8C322306831000745FE9 /* CLMeTableViewCell.h */ = {isa = PBXFileReference; lastKnownFileType = sourcecode.c.h; name = CLMeTableViewCell.h; path = FOMOPay/BaseManager/NavgationBarView/CLMeTableViewCell.h; sourceTree = SOURCE_ROOT; };
		CF5A8C332306831000745FE9 /* CLMeTableViewCell.m */ = {isa = PBXFileReference; lastKnownFileType = sourcecode.c.objc; name = CLMeTableViewCell.m; path = FOMOPay/BaseManager/NavgationBarView/CLMeTableViewCell.m; sourceTree = SOURCE_ROOT; };
		CF5A8C342306831000745FE9 /* CLMeTableViewCell.xib */ = {isa = PBXFileReference; lastKnownFileType = file.xib; name = CLMeTableViewCell.xib; path = FOMOPay/BaseManager/NavgationBarView/CLMeTableViewCell.xib; sourceTree = SOURCE_ROOT; };
		CF5A8C3923068A5000745FE9 /* pdf_me_userImage.pdf */ = {isa = PBXFileReference; lastKnownFileType = image.pdf; path = pdf_me_userImage.pdf; sourceTree = "<group>"; };
		CF5A8C4F2306A1DD00745FE9 /* pdf_me_callme.pdf */ = {isa = PBXFileReference; lastKnownFileType = image.pdf; path = pdf_me_callme.pdf; sourceTree = "<group>"; };
		CF5A8C502306A1DD00745FE9 /* pdf_me_logout.pdf */ = {isa = PBXFileReference; lastKnownFileType = image.pdf; path = pdf_me_logout.pdf; sourceTree = "<group>"; };
		CF5A8C512306A1DD00745FE9 /* pdf_me_language.pdf */ = {isa = PBXFileReference; lastKnownFileType = image.pdf; path = pdf_me_language.pdf; sourceTree = "<group>"; };
		CF5A8C522306A1DD00745FE9 /* pdf_me_pact.pdf */ = {isa = PBXFileReference; lastKnownFileType = image.pdf; path = pdf_me_pact.pdf; sourceTree = "<group>"; };
		CF5A8C532306A1DD00745FE9 /* pdf_me_message.pdf */ = {isa = PBXFileReference; lastKnownFileType = image.pdf; path = pdf_me_message.pdf; sourceTree = "<group>"; };
		CF5A8C5C2306B7E000745FE9 /* CLMeLanguageViewController.h */ = {isa = PBXFileReference; lastKnownFileType = sourcecode.c.h; name = CLMeLanguageViewController.h; path = FOMOPay/CLMeLanguageViewController.h; sourceTree = SOURCE_ROOT; };
		CF5A8C5D2306B7E000745FE9 /* CLMeLanguageViewController.m */ = {isa = PBXFileReference; lastKnownFileType = sourcecode.c.objc; name = CLMeLanguageViewController.m; path = FOMOPay/CLMeLanguageViewController.m; sourceTree = SOURCE_ROOT; };
		CF5A8C5F2306BA9C00745FE9 /* CLMeCallMeViewController.h */ = {isa = PBXFileReference; lastKnownFileType = sourcecode.c.h; name = CLMeCallMeViewController.h; path = FOMOPay/CLMeCallMeViewController.h; sourceTree = SOURCE_ROOT; };
		CF5A8C602306BA9C00745FE9 /* CLMeCallMeViewController.m */ = {isa = PBXFileReference; lastKnownFileType = sourcecode.c.objc; name = CLMeCallMeViewController.m; path = FOMOPay/CLMeCallMeViewController.m; sourceTree = SOURCE_ROOT; };
		CF5A8C622306BACB00745FE9 /* CLMeMessageViewController.h */ = {isa = PBXFileReference; lastKnownFileType = sourcecode.c.h; name = CLMeMessageViewController.h; path = FOMOPay/CLMeMessageViewController.h; sourceTree = SOURCE_ROOT; };
		CF5A8C632306BACB00745FE9 /* CLMeMessageViewController.m */ = {isa = PBXFileReference; lastKnownFileType = sourcecode.c.objc; name = CLMeMessageViewController.m; path = FOMOPay/CLMeMessageViewController.m; sourceTree = SOURCE_ROOT; };
		CF66AC61230FED2F005BA46D /* CLCollectionAlter.h */ = {isa = PBXFileReference; lastKnownFileType = sourcecode.c.h; name = CLCollectionAlter.h; path = Views/CLCollectionAlter.h; sourceTree = SOURCE_ROOT; };
		CF66AC62230FED2F005BA46D /* CLCollectionAlter.m */ = {isa = PBXFileReference; lastKnownFileType = sourcecode.c.objc; name = CLCollectionAlter.m; path = Views/CLCollectionAlter.m; sourceTree = SOURCE_ROOT; };
		CF6BBB522303AA1000EB5BBB /* pdf_home_home_tabbarselected.pdf */ = {isa = PBXFileReference; lastKnownFileType = image.pdf; path = pdf_home_home_tabbarselected.pdf; sourceTree = "<group>"; };
		CF6BBB542303AB4400EB5BBB /* pdf_home_home_tabbar.pdf */ = {isa = PBXFileReference; lastKnownFileType = image.pdf; path = pdf_home_home_tabbar.pdf; sourceTree = "<group>"; };
		CF6BBB562303AC3B00EB5BBB /* pdf_home_history_tabbar.pdf */ = {isa = PBXFileReference; lastKnownFileType = image.pdf; path = pdf_home_history_tabbar.pdf; sourceTree = "<group>"; };
		CF6BBB572303AC3B00EB5BBB /* pdf_home_history_tabbarselected.pdf */ = {isa = PBXFileReference; lastKnownFileType = image.pdf; path = pdf_home_history_tabbarselected.pdf; sourceTree = "<group>"; };
		CF6BBB5A2303ACD400EB5BBB /* pdf_home_me_tabbarselected.pdf */ = {isa = PBXFileReference; lastKnownFileType = image.pdf; path = pdf_home_me_tabbarselected.pdf; sourceTree = "<group>"; };
		CF6BBB5B2303ACD400EB5BBB /* pdf_home_me_tabbar.pdf */ = {isa = PBXFileReference; lastKnownFileType = image.pdf; path = pdf_home_me_tabbar.pdf; sourceTree = "<group>"; };
		CF6BBB5C2303ACD400EB5BBB /* pdf_home_collection_tabbarselected.pdf */ = {isa = PBXFileReference; lastKnownFileType = image.pdf; path = pdf_home_collection_tabbarselected.pdf; sourceTree = "<group>"; };
		CF6BBB5D2303ACD400EB5BBB /* pdf_home_collection_tabbar.pdf */ = {isa = PBXFileReference; lastKnownFileType = image.pdf; path = pdf_home_collection_tabbar.pdf; sourceTree = "<group>"; };
		CF6BBC9A2304138700EB5BBB /* CLHiStoryTableViewCell.h */ = {isa = PBXFileReference; lastKnownFileType = sourcecode.c.h; name = CLHiStoryTableViewCell.h; path = FOMOPay/Home/Views/CLHiStoryTableViewCell.h; sourceTree = SOURCE_ROOT; };
		CF6BBC9B2304138700EB5BBB /* CLHiStoryTableViewCell.m */ = {isa = PBXFileReference; lastKnownFileType = sourcecode.c.objc; name = CLHiStoryTableViewCell.m; path = FOMOPay/Home/Views/CLHiStoryTableViewCell.m; sourceTree = SOURCE_ROOT; };
		CF6BBC9C2304138700EB5BBB /* CLHiStoryTableViewCell.xib */ = {isa = PBXFileReference; lastKnownFileType = file.xib; name = CLHiStoryTableViewCell.xib; path = FOMOPay/Home/Views/CLHiStoryTableViewCell.xib; sourceTree = SOURCE_ROOT; };
		CF70EBFD230A360200695E7B /* CLTool.h */ = {isa = PBXFileReference; lastKnownFileType = sourcecode.c.h; name = CLTool.h; path = FOMOPay/CLTool.h; sourceTree = SOURCE_ROOT; };
		CF70EBFE230A360200695E7B /* CLTool.m */ = {isa = PBXFileReference; lastKnownFileType = sourcecode.c.objc; name = CLTool.m; path = FOMOPay/CLTool.m; sourceTree = SOURCE_ROOT; };
		CFC33F7E230D18D300C04207 /* CLCollectionAddSelectTableView.h */ = {isa = PBXFileReference; fileEncoding = 4; lastKnownFileType = sourcecode.c.h; name = CLCollectionAddSelectTableView.h; path = Views/CLCollectionAddSelectTableView.h; sourceTree = SOURCE_ROOT; };
		CFC33F7F230D18D300C04207 /* CLCollectionAddSelect.h */ = {isa = PBXFileReference; fileEncoding = 4; lastKnownFileType = sourcecode.c.h; name = CLCollectionAddSelect.h; path = Views/Views/Views/CLCollectionAddSelect.h; sourceTree = SOURCE_ROOT; };
		CFC33F80230D18D300C04207 /* CLCollectionAddSelectTableView.m */ = {isa = PBXFileReference; fileEncoding = 4; lastKnownFileType = sourcecode.c.objc; name = CLCollectionAddSelectTableView.m; path = Views/CLCollectionAddSelectTableView.m; sourceTree = SOURCE_ROOT; };
		CFC33F81230D18D300C04207 /* CLCollectionAddSelectTableView.xib */ = {isa = PBXFileReference; fileEncoding = 4; lastKnownFileType = file.xib; name = CLCollectionAddSelectTableView.xib; path = Views/CLCollectionAddSelectTableView.xib; sourceTree = SOURCE_ROOT; };
		CFC33F82230D18D300C04207 /* CLCollectionAddSelect.m */ = {isa = PBXFileReference; fileEncoding = 4; lastKnownFileType = sourcecode.c.objc; name = CLCollectionAddSelect.m; path = Views/Views/Views/CLCollectionAddSelect.m; sourceTree = SOURCE_ROOT; };
		CFC33F86230D197A00C04207 /* CLCollectionAdd.m */ = {isa = PBXFileReference; fileEncoding = 4; lastKnownFileType = sourcecode.c.objc; name = CLCollectionAdd.m; path = FOMOPay/CLCollectionAdd.m; sourceTree = SOURCE_ROOT; };
		CFC33F87230D197A00C04207 /* CLCollectionAdd.h */ = {isa = PBXFileReference; fileEncoding = 4; lastKnownFileType = sourcecode.c.h; name = CLCollectionAdd.h; path = FOMOPay/CLCollectionAdd.h; sourceTree = SOURCE_ROOT; };
		CFC33F89230D19C800C04207 /* CLMeClauseOfTreaty.h */ = {isa = PBXFileReference; fileEncoding = 4; lastKnownFileType = sourcecode.c.h; name = CLMeClauseOfTreaty.h; path = FOMOPay/CLMeClauseOfTreaty.h; sourceTree = SOURCE_ROOT; };
		CFC33F8A230D19C800C04207 /* CLMeClauseOfTreaty.m */ = {isa = PBXFileReference; fileEncoding = 4; lastKnownFileType = sourcecode.c.objc; name = CLMeClauseOfTreaty.m; path = FOMOPay/CLMeClauseOfTreaty.m; sourceTree = SOURCE_ROOT; };
		CFC33F8C230D19F700C04207 /* CLMeMessageSetViewController.h */ = {isa = PBXFileReference; fileEncoding = 4; lastKnownFileType = sourcecode.c.h; name = CLMeMessageSetViewController.h; path = FOMOPay/CLMeMessageSetViewController.h; sourceTree = SOURCE_ROOT; };
		CFC33F8D230D19F800C04207 /* CLMeMessageSetViewController.m */ = {isa = PBXFileReference; fileEncoding = 4; lastKnownFileType = sourcecode.c.objc; name = CLMeMessageSetViewController.m; path = FOMOPay/CLMeMessageSetViewController.m; sourceTree = SOURCE_ROOT; };
		CFC33F8F230D1B2000C04207 /* pdf_collection_select.pdf */ = {isa = PBXFileReference; lastKnownFileType = image.pdf; name = pdf_collection_select.pdf; path = GuideView/pdf_collection_select.pdf; sourceTree = "<group>"; };
		CFE79654230148D1004C09C4 /* PrefixHeader.pch */ = {isa = PBXFileReference; lastKnownFileType = sourcecode.c.h; path = PrefixHeader.pch; sourceTree = SOURCE_ROOT; };
		CFE796582301548E004C09C4 /* pdf_home_title.pdf */ = {isa = PBXFileReference; lastKnownFileType = image.pdf; path = pdf_home_title.pdf; sourceTree = "<group>"; };
		CFE7965A230155A9004C09C4 /* CLTitleView.h */ = {isa = PBXFileReference; lastKnownFileType = sourcecode.c.h; path = CLTitleView.h; sourceTree = SOURCE_ROOT; };
		CFE7965B230155AA004C09C4 /* CLTitleView.m */ = {isa = PBXFileReference; lastKnownFileType = sourcecode.c.objc; path = CLTitleView.m; sourceTree = SOURCE_ROOT; };
		CFE7965D230155CD004C09C4 /* CLTitleView.xib */ = {isa = PBXFileReference; lastKnownFileType = file.xib; path = CLTitleView.xib; sourceTree = SOURCE_ROOT; };
		CFE7965F23016589004C09C4 /* BaseViewController.h */ = {isa = PBXFileReference; lastKnownFileType = sourcecode.c.h; name = BaseViewController.h; path = FOMOPay/BaseManager/BaseViewController.h; sourceTree = SOURCE_ROOT; };
		CFE7966023016589004C09C4 /* BaseViewController.m */ = {isa = PBXFileReference; lastKnownFileType = sourcecode.c.objc; name = BaseViewController.m; path = FOMOPay/BaseManager/BaseViewController.m; sourceTree = SOURCE_ROOT; };
		CFE7966223016614004C09C4 /* CLHomeViewController.h */ = {isa = PBXFileReference; lastKnownFileType = sourcecode.c.h; path = CLHomeViewController.h; sourceTree = "<group>"; };
		CFE7966323016614004C09C4 /* CLHomeViewController.m */ = {isa = PBXFileReference; lastKnownFileType = sourcecode.c.objc; path = CLHomeViewController.m; sourceTree = "<group>"; };
/* End PBXFileReference section */

/* Begin PBXFrameworksBuildPhase section */
		1863DA4323011A07000969FE /* Frameworks */ = {
			isa = PBXFrameworksBuildPhase;
			buildActionMask = 2147483647;
			files = (
				0633D24662194BB0546939F4 /* libPods-FOMOPay.a in Frameworks */,
				1863DA83230120AB000969FE /* WKWindowManagerFramework.framework in Frameworks */,
			);
			runOnlyForDeploymentPostprocessing = 0;
		};
		1863DA5B23011A08000969FE /* Frameworks */ = {
			isa = PBXFrameworksBuildPhase;
			buildActionMask = 2147483647;
			files = (
			);
			runOnlyForDeploymentPostprocessing = 0;
		};
		1863DA6623011A08000969FE /* Frameworks */ = {
			isa = PBXFrameworksBuildPhase;
			buildActionMask = 2147483647;
			files = (
			);
			runOnlyForDeploymentPostprocessing = 0;
		};
/* End PBXFrameworksBuildPhase section */

/* Begin PBXGroup section */
		1863DA3D23011A07000969FE = {
			isa = PBXGroup;
			children = (
				1863DA4823011A07000969FE /* FOMOPay */,
				1863DA6123011A08000969FE /* FOMOPayTests */,
				1863DA6C23011A08000969FE /* FOMOPayUITests */,
				1863DA4723011A07000969FE /* Products */,
				5B0969EA28DD697F78833E54 /* Pods */,
				89711D7DDF596E3DB618E265 /* Frameworks */,
			);
			sourceTree = "<group>";
		};
		1863DA4723011A07000969FE /* Products */ = {
			isa = PBXGroup;
			children = (
				1863DA4623011A07000969FE /* FOMOPay.app */,
				1863DA5E23011A08000969FE /* FOMOPayTests.xctest */,
				1863DA6923011A08000969FE /* FOMOPayUITests.xctest */,
			);
			name = Products;
			sourceTree = "<group>";
		};
		1863DA4823011A07000969FE /* FOMOPay */ = {
			isa = PBXGroup;
			children = (
				1863DA4923011A07000969FE /* AppDelegate.h */,
				1863DA4A23011A07000969FE /* AppDelegate.m */,
				1863DA4C23011A07000969FE /* ViewController.h */,
				1863DA4D23011A07000969FE /* ViewController.m */,
				1863DA4F23011A07000969FE /* Main.storyboard */,
				1863DA5223011A08000969FE /* Assets.xcassets */,
				1863DA5423011A08000969FE /* LaunchScreen.storyboard */,
				1863DA5723011A08000969FE /* Info.plist */,
				1863DA5823011A08000969FE /* main.m */,
				772D73B0230A3ED50068AB48 /* Login */,
				772D73AC230A3DCF0068AB48 /* GuideView */,
				1863DA86230120DF000969FE /* HeaderFile */,
				1863DA9C230142BA000969FE /* Home */,
				1863DA9D230142C1000969FE /* History */,
				1863DA9E230142C8000969FE /* Collection */,
				1863DA9F230142D2000969FE /* Me */,
				1863DA8123012062000969FE /* NetWorkManager */,
				1863DA7E2301203A000969FE /* BaseManager */,
				1863DA7D23012032000969FE /* Tools */,
				1863DA7C23012026000969FE /* ImageResource */,
				1863DA7B2301200D000969FE /* OtherFrameworks */,
				1863DA8723013A6A000969FE /* OtherResource */,
			);
			path = FOMOPay;
			sourceTree = "<group>";
		};
		1863DA6123011A08000969FE /* FOMOPayTests */ = {
			isa = PBXGroup;
			children = (
				1863DA6223011A08000969FE /* FOMOPayTests.m */,
				1863DA6423011A08000969FE /* Info.plist */,
			);
			path = FOMOPayTests;
			sourceTree = "<group>";
		};
		1863DA6C23011A08000969FE /* FOMOPayUITests */ = {
			isa = PBXGroup;
			children = (
				1863DA6D23011A08000969FE /* FOMOPayUITests.m */,
				1863DA6F23011A08000969FE /* Info.plist */,
			);
			path = FOMOPayUITests;
			sourceTree = "<group>";
		};
		1863DA7B2301200D000969FE /* OtherFrameworks */ = {
			isa = PBXGroup;
			children = (
				1863DA82230120AB000969FE /* WKWindowManagerFramework.framework */,
			);
			path = OtherFrameworks;
			sourceTree = "<group>";
		};
		1863DA7C23012026000969FE /* ImageResource */ = {
			isa = PBXGroup;
			children = (
				CF23B3ED230F84FC00FAC43C /* pdf_history_remittanceplan.pdf */,
				CF2C42B2230E9A1300A16732 /* pdf_collection_delete_icon.pdf */,
				CF2C42AD230E944600A16732 /* pdf_collection_hint_delete.pdf */,
				CF2C42AE230E944600A16732 /* pdf_collection_hint_modifysuccessfully.pdf */,
				CF2C42AC230E944500A16732 /* pdf_collection_hint_success.pdf */,
				770239A1230BFD2A00EE8C31 /* GuideView */,
				7702399A230BE88C00EE8C31 /* pdf_home_packUp_icon.pdf */,
				CFC33F8F230D1B2000C04207 /* pdf_collection_select.pdf */,
				772D73D9230A9C0F0068AB48 /* pdf_pass_code_select.pdf */,
				772D73D8230A9C0F0068AB48 /* pdf_pass_code_unselect.pdf */,
				772D73C2230A798B0068AB48 /* pdf_login_icon.pdf */,
				772D73C3230A798B0068AB48 /* pdf_login_language.pdf */,
				CCFBE3D623096407004210A1 /* pdf_me_message_logo.pdf */,
				CCBCE3DC2307DB5800EE5DA1 /* pdf_me_language_selected.pdf */,
				CF5A8C4F2306A1DD00745FE9 /* pdf_me_callme.pdf */,
				CF5A8C512306A1DD00745FE9 /* pdf_me_language.pdf */,
				CF5A8C502306A1DD00745FE9 /* pdf_me_logout.pdf */,
				CF5A8C532306A1DD00745FE9 /* pdf_me_message.pdf */,
				CF5A8C522306A1DD00745FE9 /* pdf_me_pact.pdf */,
				CF5A8C3923068A5000745FE9 /* pdf_me_userImage.pdf */,
				CF277DA4230544C200A37B5C /* pdf_collection_shrink.pdf */,
				CF277DA5230544C200A37B5C /* pdf_collection_unfold.pdf */,
				18B7BEED2304FB8E007B496A /* pdf_nav_back.pdf */,
				CF6BBB5D2303ACD400EB5BBB /* pdf_home_collection_tabbar.pdf */,
				CF6BBB5C2303ACD400EB5BBB /* pdf_home_collection_tabbarselected.pdf */,
				CF6BBB5B2303ACD400EB5BBB /* pdf_home_me_tabbar.pdf */,
				CF6BBB5A2303ACD400EB5BBB /* pdf_home_me_tabbarselected.pdf */,
				CF6BBB562303AC3B00EB5BBB /* pdf_home_history_tabbar.pdf */,
				CF6BBB572303AC3B00EB5BBB /* pdf_home_history_tabbarselected.pdf */,
				CF6BBB542303AB4400EB5BBB /* pdf_home_home_tabbar.pdf */,
				CF6BBB522303AA1000EB5BBB /* pdf_home_home_tabbarselected.pdf */,
				CF36E2752302A76800F1AE2B /* pdf_home_transfer_1.pdf */,
				CF36E26A23025DAF00F1AE2B /* pdf_home_transfer_2.pdf */,
				CFE796582301548E004C09C4 /* pdf_home_title.pdf */,
				CF36E273230299B600F1AE2B /* pdf_home_cell_out.pdf */,
			);
			path = ImageResource;
			sourceTree = "<group>";
		};
		1863DA7D23012032000969FE /* Tools */ = {
			isa = PBXGroup;
			children = (
				CF70EBFD230A360200695E7B /* CLTool.h */,
				CF70EBFE230A360200695E7B /* CLTool.m */,
			);
			path = Tools;
			sourceTree = "<group>";
		};
		1863DA7E2301203A000969FE /* BaseManager */ = {
			isa = PBXGroup;
			children = (
				CFE7965F23016589004C09C4 /* BaseViewController.h */,
				CFE7966023016589004C09C4 /* BaseViewController.m */,
				18B7BEE02304E9CD007B496A /* NavgationBarView */,
				18B7BEDF2304E976007B496A /* BaseTabbarController */,
			);
			path = BaseManager;
			sourceTree = "<group>";
		};
		1863DA8123012062000969FE /* NetWorkManager */ = {
			isa = PBXGroup;
			children = (
				777EAEB1230CEA6A009D7B22 /* Model */,
				777EAEB4230CEA6B009D7B22 /* WKNetWorkManager */,
			);
			path = NetWorkManager;
			sourceTree = "<group>";
		};
		1863DA86230120DF000969FE /* HeaderFile */ = {
			isa = PBXGroup;
			children = (
				CFE79654230148D1004C09C4 /* PrefixHeader.pch */,
				18B7BEE82304F1CE007B496A /* Header.h */,
			);
			path = HeaderFile;
			sourceTree = "<group>";
		};
		1863DA8723013A6A000969FE /* OtherResource */ = {
			isa = PBXGroup;
			children = (
				1863DAA623014511000969FE /* WRNavigationBar */,
				1863DA8823013A87000969FE /* YHPDFImageLoader */,
			);
			path = OtherResource;
			sourceTree = "<group>";
		};
		1863DA8823013A87000969FE /* YHPDFImageLoader */ = {
			isa = PBXGroup;
			children = (
				1863DA9023013A87000969FE /* YH_config.h */,
				1863DA8923013A87000969FE /* YHPDFImageLoader.h */,
				1863DA9123013A87000969FE /* YHPDFImageLoader.m */,
				1863DA8C23013A87000969FE /* UIImage+YHPDFIcon.h */,
				1863DA9223013A87000969FE /* UIImage+YHPDFIcon.m */,
				1863DA9423013A87000969FE /* NSString+YHMD5.h */,
				1863DA8D23013A87000969FE /* NSString+YHMD5.m */,
				1863DA9523013A87000969FE /* YHPDFImagePath.h */,
				1863DA8E23013A87000969FE /* YHPDFImagePath.m */,
				1863DA8F23013A87000969FE /* YHPDFImageCache.h */,
				1863DA8A23013A87000969FE /* YHPDFImageCache.m */,
				1863DA8B23013A87000969FE /* YHPDFImageDraw.h */,
				1863DA9323013A87000969FE /* YHPDFImageDraw.m */,
			);
			path = YHPDFImageLoader;
			sourceTree = "<group>";
		};
		1863DA9C230142BA000969FE /* Home */ = {
			isa = PBXGroup;
			children = (
				CFE7966223016614004C09C4 /* CLHomeViewController.h */,
				CFE7966323016614004C09C4 /* CLHomeViewController.m */,
				18B7BEEF2304FC9E007B496A /* CLHomeDetailVC.h */,
				18B7BEF02304FC9E007B496A /* CLHomeDetailVC.m */,
				77150180231114AD0016B449 /* Refund */,
				7702398E230B8A6D00EE8C31 /* Model */,
				1863DAA0230142E4000969FE /* Views */,
			);
			path = Home;
			sourceTree = "<group>";
		};
		1863DA9D230142C1000969FE /* History */ = {
			isa = PBXGroup;
			children = (
				CCA748CA2303082600846BDF /* CLHistoryViewController.h */,
				CCA748CB2303082600846BDF /* CLHistoryViewController.m */,
				CF23B3EA230F7CC600FAC43C /* CLHistoryRemittancePlan.h */,
				CF23B3EB230F7CC600FAC43C /* CLHistoryRemittancePlan.m */,
				1863DAA1230142EA000969FE /* Views */,
			);
			path = History;
			sourceTree = "<group>";
		};
		1863DA9E230142C8000969FE /* Collection */ = {
			isa = PBXGroup;
			children = (
				CCA748CD230308CF00846BDF /* CLCollectionViewController.h */,
				CCA748CE230308CF00846BDF /* CLCollectionViewController.m */,
				CFC33F87230D197A00C04207 /* CLCollectionAdd.h */,
				CFC33F86230D197A00C04207 /* CLCollectionAdd.m */,
				CFC33F7F230D18D300C04207 /* CLCollectionAddSelect.h */,
				CFC33F82230D18D300C04207 /* CLCollectionAddSelect.m */,
				CF66AC61230FED2F005BA46D /* CLCollectionAlter.h */,
				CF66AC62230FED2F005BA46D /* CLCollectionAlter.m */,
				1863DAA2230142EE000969FE /* Views */,
			);
			path = Collection;
			sourceTree = "<group>";
		};
		1863DA9F230142D2000969FE /* Me */ = {
			isa = PBXGroup;
			children = (
				CCA748D02303098F00846BDF /* CLMeViewController.h */,
				CCA748D12303098F00846BDF /* CLMeViewController.m */,
				CF5A8C5C2306B7E000745FE9 /* CLMeLanguageViewController.h */,
				CF5A8C5D2306B7E000745FE9 /* CLMeLanguageViewController.m */,
				CF5A8C5F2306BA9C00745FE9 /* CLMeCallMeViewController.h */,
				CF5A8C602306BA9C00745FE9 /* CLMeCallMeViewController.m */,
				CF5A8C622306BACB00745FE9 /* CLMeMessageViewController.h */,
				CF5A8C632306BACB00745FE9 /* CLMeMessageViewController.m */,
				CFC33F89230D19C800C04207 /* CLMeClauseOfTreaty.h */,
				CFC33F8A230D19C800C04207 /* CLMeClauseOfTreaty.m */,
				CFC33F8C230D19F700C04207 /* CLMeMessageSetViewController.h */,
				CFC33F8D230D19F800C04207 /* CLMeMessageSetViewController.m */,
				1863DAA3230142F2000969FE /* Views */,
			);
			path = Me;
			sourceTree = "<group>";
		};
		1863DAA0230142E4000969FE /* Views */ = {
			isa = PBXGroup;
			children = (
				CFE7965A230155A9004C09C4 /* CLTitleView.h */,
				CFE7965B230155AA004C09C4 /* CLTitleView.m */,
				CFE7965D230155CD004C09C4 /* CLTitleView.xib */,
				CF36E26E23025E0400F1AE2B /* CLTableViewCell.h */,
				CF36E26F23025E0400F1AE2B /* CLTableViewCell.m */,
				CF36E27023025E0400F1AE2B /* CLTableViewCell.xib */,
				77023989230B83C100EE8C31 /* HomeListCell.h */,
				7702398A230B83C100EE8C31 /* HomeListCell.m */,
				7702398B230B83C100EE8C31 /* HomeListCell.xib */,
				77023995230BDD7F00EE8C31 /* HomeListCollectionCell.h */,
				77023996230BDD7F00EE8C31 /* HomeListCollectionCell.m */,
				77023997230BDD7F00EE8C31 /* HomeListCollectionCell.xib */,
			);
			path = Views;
			sourceTree = "<group>";
		};
		1863DAA1230142EA000969FE /* Views */ = {
			isa = PBXGroup;
			children = (
				CF6BBC9A2304138700EB5BBB /* CLHiStoryTableViewCell.h */,
				CF6BBC9B2304138700EB5BBB /* CLHiStoryTableViewCell.m */,
				CF6BBC9C2304138700EB5BBB /* CLHiStoryTableViewCell.xib */,
				CF23B3EF230F8A5E00FAC43C /* CLHistoryRenittabcePlanView.h */,
				CF23B3F0230F8A5E00FAC43C /* CLHistoryRenittabcePlanVIew.m */,
			);
			path = Views;
			sourceTree = "<group>";
		};
		1863DAA2230142EE000969FE /* Views */ = {
			isa = PBXGroup;
			children = (
				CFC33F7E230D18D300C04207 /* CLCollectionAddSelectTableView.h */,
				CFC33F80230D18D300C04207 /* CLCollectionAddSelectTableView.m */,
				CFC33F81230D18D300C04207 /* CLCollectionAddSelectTableView.xib */,
				CF277DA823054BB800A37B5C /* CLCollectionTableViewCell.h */,
				CF277DA923054BB800A37B5C /* CLCollectionTableViewCell.m */,
				CF277DAA23054BB800A37B5C /* CLCollectionTableViewCell.xib */,
			);
			path = Views;
			sourceTree = "<group>";
		};
		1863DAA3230142F2000969FE /* Views */ = {
			isa = PBXGroup;
			children = (
				CF5A8C322306831000745FE9 /* CLMeTableViewCell.h */,
				CF5A8C332306831000745FE9 /* CLMeTableViewCell.m */,
				CF5A8C342306831000745FE9 /* CLMeTableViewCell.xib */,
				CCBCE3CF2307C77A00EE5DA1 /* Views */,
			);
			path = Views;
			sourceTree = "<group>";
		};
		1863DAA623014511000969FE /* WRNavigationBar */ = {
			isa = PBXGroup;
			children = (
				1863DAA923014511000969FE /* WRNavigationBar.h */,
				1863DAA723014511000969FE /* WRNavigationBar.m */,
				1863DAA823014511000969FE /* WRCustomNavigationBar.h */,
				1863DAAA23014511000969FE /* WRCustomNavigationBar.m */,
			);
			path = WRNavigationBar;
			sourceTree = "<group>";
		};
		18B7BEDF2304E976007B496A /* BaseTabbarController */ = {
			isa = PBXGroup;
			children = (
				CCA748C72303046400846BDF /* CLMainTabBarControllerConfig.h */,
				CCA748C82303046400846BDF /* CLMainTabBarControllerConfig.m */,
			);
			path = BaseTabbarController;
			sourceTree = "<group>";
		};
		18B7BEE02304E9CD007B496A /* NavgationBarView */ = {
			isa = PBXGroup;
			children = (
				18B7BEE12304EBE3007B496A /* CLNavgationView.h */,
				18B7BEE22304EBE3007B496A /* CLNavgationView.m */,
				CF277DAD23055C0100A37B5C /* CLNavgationView_button.h */,
				CF277DAE23055C0100A37B5C /* CLNavgationView_button.m */,
				18B7BEE42304EC82007B496A /* CLNavgationHomeView.xib */,
				18B7BEE62304ECFD007B496A /* CLNavgationNormalView.xib */,
				CF277DB22305750800A37B5C /* CLNavgationViewButton.xib */,
				18B7BEE92304F55D007B496A /* Model */,
			);
			path = NavgationBarView;
			sourceTree = "<group>";
		};
		18B7BEE92304F55D007B496A /* Model */ = {
			isa = PBXGroup;
			children = (
				18B7BEEA2304F572007B496A /* CLNavModel.h */,
				18B7BEEB2304F572007B496A /* CLNavModel.m */,
			);
			path = Model;
			sourceTree = "<group>";
		};
		5B0969EA28DD697F78833E54 /* Pods */ = {
			isa = PBXGroup;
			children = (
				3F1006515BE60B5DD9F894BA /* Pods-FOMOPay.debug.xcconfig */,
				365F37B62573D6AD38920DD0 /* Pods-FOMOPay.release.xcconfig */,
			);
			name = Pods;
			sourceTree = "<group>";
		};
		7702398E230B8A6D00EE8C31 /* Model */ = {
			isa = PBXGroup;
			children = (
				7702398F230B8AE000EE8C31 /* HomeDataObject.h */,
				77023990230B8AE000EE8C31 /* HomeDataObject.m */,
			);
			path = Model;
			sourceTree = "<group>";
		};
		770239A1230BFD2A00EE8C31 /* GuideView */ = {
			isa = PBXGroup;
			children = (
				770239A2230BFD2A00EE8C31 /* pdf.guideView_icon_china_4.pdf */,
				770239A3230BFD2A00EE8C31 /* pdf.guideView_icon_china_1.pdf */,
				770239A4230BFD2A00EE8C31 /* pdf.guideView_icon_china_3.pdf */,
				770239A5230BFD2A00EE8C31 /* pdf.guideView_icon_china_2.pdf */,
				770239A6230BFD2A00EE8C31 /* pdf.guideView_icon_english_4.pdf */,
				770239A7230BFD2A00EE8C31 /* pdf.guideView_icon_english_1.pdf */,
				770239A8230BFD2A00EE8C31 /* pdf.guideView_icon_english_2.pdf */,
				770239A9230BFD2A00EE8C31 /* pdf.guideView_icon_english_3.pdf */,
			);
			path = GuideView;
			sourceTree = "<group>";
		};
		77150180231114AD0016B449 /* Refund */ = {
			isa = PBXGroup;
			children = (
				77150181231114D60016B449 /* HomeRefundViewController.h */,
				77150182231114D60016B449 /* HomeRefundViewController.m */,
				77150185231114F20016B449 /* Model */,
				77150184231114F20016B449 /* Views */,
			);
			path = Refund;
			sourceTree = "<group>";
		};
		77150184231114F20016B449 /* Views */ = {
			isa = PBXGroup;
			children = (
				771501862311176B0016B449 /* HomeRefundListCell.h */,
				771501872311176B0016B449 /* HomeRefundListCell.m */,
				771501882311176B0016B449 /* HomeRefundListCell.xib */,
				7715018B231121E10016B449 /* HomeRefundSelectBankView.h */,
				7715018C231121E10016B449 /* HomeRefundSelectBankView.m */,
				7715018E231121ED0016B449 /* HomeRefundSelectBankView.xib */,
			);
			path = Views;
			sourceTree = "<group>";
		};
		77150185231114F20016B449 /* Model */ = {
			isa = PBXGroup;
			children = (
			);
			path = Model;
			sourceTree = "<group>";
		};
		772D73AC230A3DCF0068AB48 /* GuideView */ = {
			isa = PBXGroup;
			children = (
				772D73AD230A3DCF0068AB48 /* CommonGuideView.h */,
				772D73AE230A3DCF0068AB48 /* CommonGuideView.m */,
				7715017D2310E07D0016B449 /* CommonGuideViewController.h */,
				7715017E2310E07D0016B449 /* CommonGuideViewController.m */,
			);
			path = GuideView;
			sourceTree = "<group>";
		};
		772D73B0230A3ED50068AB48 /* Login */ = {
			isa = PBXGroup;
			children = (
				772D73B1230A3F670068AB48 /* LogInViewController.h */,
				772D73B2230A3F670068AB48 /* LogInViewController.m */,
				772D73C6230A845D0068AB48 /* LogInVerifyViewController.h */,
				772D73C7230A845D0068AB48 /* LogInVerifyViewController.m */,
				772D73B4230A3F8C0068AB48 /* Views */,
			);
			path = Login;
			sourceTree = "<group>";
		};
		772D73B4230A3F8C0068AB48 /* Views */ = {
			isa = PBXGroup;
			children = (
				772D73D0230A86860068AB48 /* LogInVerifyCodeView.h */,
				772D73CF230A86860068AB48 /* LogInVerifyCodeView.m */,
				772D73CE230A86850068AB48 /* LogInVerifyCodeView.xib */,
				772D73D5230A89620068AB48 /* WKCustomCodeView.h */,
				772D73D3230A89620068AB48 /* WKCustomCodeView.m */,
				772D73D4230A89620068AB48 /* WKCustomCodeView.xib */,
				772D73B5230A3FA60068AB48 /* DPLogInView.h */,
				772D73B6230A3FA60068AB48 /* DPLogInView.m */,
				772D73B8230A3FC50068AB48 /* DPLogInView.xib */,
			);
			path = Views;
			sourceTree = "<group>";
		};
		777EAEB1230CEA6A009D7B22 /* Model */ = {
			isa = PBXGroup;
			children = (
				777EAEB3230CEA6A009D7B22 /* WKBaseModel.h */,
				777EAEB2230CEA6A009D7B22 /* WKBaseModel.m */,
			);
			path = Model;
			sourceTree = "<group>";
		};
		777EAEB4230CEA6B009D7B22 /* WKNetWorkManager */ = {
			isa = PBXGroup;
			children = (
				777EAEB6230CEA6B009D7B22 /* WKNetWorkManager.h */,
				777EAEB5230CEA6B009D7B22 /* WKNetWorkManager.m */,
				777EAEB9230CEB44009D7B22 /* PublicHeader.h */,
			);
			path = WKNetWorkManager;
			sourceTree = "<group>";
		};
		89711D7DDF596E3DB618E265 /* Frameworks */ = {
			isa = PBXGroup;
			children = (
				59884581E113A0DB27EEB629 /* libPods-FOMOPay.a */,
			);
			name = Frameworks;
			sourceTree = "<group>";
		};
		CCBCE3CF2307C77A00EE5DA1 /* Views */ = {
			isa = PBXGroup;
			children = (
				CCBCE3D52307C8C400EE5DA1 /* CLMeLanguage.h */,
				CCBCE3D62307C8C400EE5DA1 /* CLMeLanguage.m */,
				CCBCE3D72307C8C400EE5DA1 /* CLMeLanguage.xib */,
			);
			path = Views;
			sourceTree = "<group>";
		};
/* End PBXGroup section */

/* Begin PBXNativeTarget section */
		1863DA4523011A07000969FE /* FOMOPay */ = {
			isa = PBXNativeTarget;
			buildConfigurationList = 1863DA7223011A08000969FE /* Build configuration list for PBXNativeTarget "FOMOPay" */;
			buildPhases = (
				E79357FC991968CA3C220408 /* [CP] Check Pods Manifest.lock */,
				1863DA4223011A07000969FE /* Sources */,
				1863DA4323011A07000969FE /* Frameworks */,
				1863DA4423011A07000969FE /* Resources */,
				BF250503D566B99A58B25E45 /* [CP] Copy Pods Resources */,
			);
			buildRules = (
			);
			dependencies = (
			);
			name = FOMOPay;
			productName = FOMOPay;
			productReference = 1863DA4623011A07000969FE /* FOMOPay.app */;
			productType = "com.apple.product-type.application";
		};
		1863DA5D23011A08000969FE /* FOMOPayTests */ = {
			isa = PBXNativeTarget;
			buildConfigurationList = 1863DA7523011A08000969FE /* Build configuration list for PBXNativeTarget "FOMOPayTests" */;
			buildPhases = (
				1863DA5A23011A08000969FE /* Sources */,
				1863DA5B23011A08000969FE /* Frameworks */,
				1863DA5C23011A08000969FE /* Resources */,
			);
			buildRules = (
			);
			dependencies = (
				1863DA6023011A08000969FE /* PBXTargetDependency */,
			);
			name = FOMOPayTests;
			productName = FOMOPayTests;
			productReference = 1863DA5E23011A08000969FE /* FOMOPayTests.xctest */;
			productType = "com.apple.product-type.bundle.unit-test";
		};
		1863DA6823011A08000969FE /* FOMOPayUITests */ = {
			isa = PBXNativeTarget;
			buildConfigurationList = 1863DA7823011A08000969FE /* Build configuration list for PBXNativeTarget "FOMOPayUITests" */;
			buildPhases = (
				1863DA6523011A08000969FE /* Sources */,
				1863DA6623011A08000969FE /* Frameworks */,
				1863DA6723011A08000969FE /* Resources */,
			);
			buildRules = (
			);
			dependencies = (
				1863DA6B23011A08000969FE /* PBXTargetDependency */,
			);
			name = FOMOPayUITests;
			productName = FOMOPayUITests;
			productReference = 1863DA6923011A08000969FE /* FOMOPayUITests.xctest */;
			productType = "com.apple.product-type.bundle.ui-testing";
		};
/* End PBXNativeTarget section */

/* Begin PBXProject section */
		1863DA3E23011A07000969FE /* Project object */ = {
			isa = PBXProject;
			attributes = {
				LastUpgradeCheck = 1020;
				ORGANIZATIONNAME = "王钶";
				TargetAttributes = {
					1863DA4523011A07000969FE = {
						CreatedOnToolsVersion = 10.2.1;
					};
					1863DA5D23011A08000969FE = {
						CreatedOnToolsVersion = 10.2.1;
						TestTargetID = 1863DA4523011A07000969FE;
					};
					1863DA6823011A08000969FE = {
						CreatedOnToolsVersion = 10.2.1;
						TestTargetID = 1863DA4523011A07000969FE;
					};
				};
			};
			buildConfigurationList = 1863DA4123011A07000969FE /* Build configuration list for PBXProject "FOMOPay" */;
			compatibilityVersion = "Xcode 9.3";
			developmentRegion = en;
			hasScannedForEncodings = 0;
			knownRegions = (
				en,
				Base,
			);
			mainGroup = 1863DA3D23011A07000969FE;
			productRefGroup = 1863DA4723011A07000969FE /* Products */;
			projectDirPath = "";
			projectRoot = "";
			targets = (
				1863DA4523011A07000969FE /* FOMOPay */,
				1863DA5D23011A08000969FE /* FOMOPayTests */,
				1863DA6823011A08000969FE /* FOMOPayUITests */,
			);
		};
/* End PBXProject section */

/* Begin PBXResourcesBuildPhase section */
		1863DA4423011A07000969FE /* Resources */ = {
			isa = PBXResourcesBuildPhase;
			buildActionMask = 2147483647;
			files = (
				772D73DA230A9C0F0068AB48 /* pdf_pass_code_unselect.pdf in Resources */,
				772D73D7230A89630068AB48 /* WKCustomCodeView.xib in Resources */,
				18B7BEEE2304FB8F007B496A /* pdf_nav_back.pdf in Resources */,
				770239AC230BFD2A00EE8C31 /* pdf.guideView_icon_china_3.pdf in Resources */,
				CFC33F84230D18D400C04207 /* CLCollectionAddSelectTableView.xib in Resources */,
				CF5A8C572306A1DE00745FE9 /* pdf_me_pact.pdf in Resources */,
				77023999230BDD7F00EE8C31 /* HomeListCollectionCell.xib in Resources */,
				CF6BBB612303ACD400EB5BBB /* pdf_home_collection_tabbar.pdf in Resources */,
				CF2C42B3230E9A1400A16732 /* pdf_collection_delete_icon.pdf in Resources */,
				772D73DB230A9C0F0068AB48 /* pdf_pass_code_select.pdf in Resources */,
				CF6BBC9E2304138700EB5BBB /* CLHiStoryTableViewCell.xib in Resources */,
				18B7BEE52304EC82007B496A /* CLNavgationHomeView.xib in Resources */,
				1863DA5623011A08000969FE /* LaunchScreen.storyboard in Resources */,
				770239AA230BFD2A00EE8C31 /* pdf.guideView_icon_china_4.pdf in Resources */,
				CFE796592301548F004C09C4 /* pdf_home_title.pdf in Resources */,
				CF6BBB552303AB4400EB5BBB /* pdf_home_home_tabbar.pdf in Resources */,
				1863DA5323011A08000969FE /* Assets.xcassets in Resources */,
				770239B1230BFD2A00EE8C31 /* pdf.guideView_icon_english_3.pdf in Resources */,
				CF2C42B1230E944700A16732 /* pdf_collection_hint_modifysuccessfully.pdf in Resources */,
				CF5A8C582306A1DE00745FE9 /* pdf_me_message.pdf in Resources */,
				1863DA5123011A07000969FE /* Main.storyboard in Resources */,
				CF6BBB582303AC3B00EB5BBB /* pdf_home_history_tabbar.pdf in Resources */,
				CF36E26C23025DAF00F1AE2B /* pdf_home_transfer_2.pdf in Resources */,
				CF5A8C552306A1DE00745FE9 /* pdf_me_logout.pdf in Resources */,
				CF2C42AF230E944700A16732 /* pdf_collection_hint_success.pdf in Resources */,
				770239AE230BFD2A00EE8C31 /* pdf.guideView_icon_english_4.pdf in Resources */,
				772D73B9230A3FC50068AB48 /* DPLogInView.xib in Resources */,
				CF23B3EE230F84FC00FAC43C /* pdf_history_remittanceplan.pdf in Resources */,
				770239B0230BFD2A00EE8C31 /* pdf.guideView_icon_english_2.pdf in Resources */,
				CF36E274230299B600F1AE2B /* pdf_home_cell_out.pdf in Resources */,
				18B7BEE72304ECFD007B496A /* CLNavgationNormalView.xib in Resources */,
				CF5A8C542306A1DE00745FE9 /* pdf_me_callme.pdf in Resources */,
				CF277DB32305750800A37B5C /* CLNavgationViewButton.xib in Resources */,
				770239AF230BFD2A00EE8C31 /* pdf.guideView_icon_english_1.pdf in Resources */,
				CF5A8C362306831000745FE9 /* CLMeTableViewCell.xib in Resources */,
				CF5A8C562306A1DE00745FE9 /* pdf_me_language.pdf in Resources */,
				CF5A8C3A23068A5000745FE9 /* pdf_me_userImage.pdf in Resources */,
				CCFBE3D723096407004210A1 /* pdf_me_message_logo.pdf in Resources */,
				772D73C5230A798C0068AB48 /* pdf_login_language.pdf in Resources */,
				CF6BBB592303AC3B00EB5BBB /* pdf_home_history_tabbarselected.pdf in Resources */,
				7715018F231121ED0016B449 /* HomeRefundSelectBankView.xib in Resources */,
				CF36E27223025E0400F1AE2B /* CLTableViewCell.xib in Resources */,
				772D73D1230A86860068AB48 /* LogInVerifyCodeView.xib in Resources */,
				CFC33F90230D1B2000C04207 /* pdf_collection_select.pdf in Resources */,
				7702399B230BE88C00EE8C31 /* pdf_home_packUp_icon.pdf in Resources */,
				7715018A2311176B0016B449 /* HomeRefundListCell.xib in Resources */,
				CF36E2762302A76800F1AE2B /* pdf_home_transfer_1.pdf in Resources */,
				CF2C42B0230E944700A16732 /* pdf_collection_hint_delete.pdf in Resources */,
				CF277DA6230544C200A37B5C /* pdf_collection_shrink.pdf in Resources */,
				CF6BBB5E2303ACD400EB5BBB /* pdf_home_me_tabbarselected.pdf in Resources */,
				7702398D230B83C100EE8C31 /* HomeListCell.xib in Resources */,
				770239AB230BFD2A00EE8C31 /* pdf.guideView_icon_china_1.pdf in Resources */,
				CFE7965E230155CD004C09C4 /* CLTitleView.xib in Resources */,
				CF277DA7230544C200A37B5C /* pdf_collection_unfold.pdf in Resources */,
				CF277DAC23054BB800A37B5C /* CLCollectionTableViewCell.xib in Resources */,
				CF6BBB5F2303ACD400EB5BBB /* pdf_home_me_tabbar.pdf in Resources */,
				CF6BBB532303AA1000EB5BBB /* pdf_home_home_tabbarselected.pdf in Resources */,
				CCBCE3DD2307DB5800EE5DA1 /* pdf_me_language_selected.pdf in Resources */,
				772D73C4230A798C0068AB48 /* pdf_login_icon.pdf in Resources */,
				CCBCE3D92307C8C400EE5DA1 /* CLMeLanguage.xib in Resources */,
				CF6BBB602303ACD400EB5BBB /* pdf_home_collection_tabbarselected.pdf in Resources */,
				770239AD230BFD2A00EE8C31 /* pdf.guideView_icon_china_2.pdf in Resources */,
			);
			runOnlyForDeploymentPostprocessing = 0;
		};
		1863DA5C23011A08000969FE /* Resources */ = {
			isa = PBXResourcesBuildPhase;
			buildActionMask = 2147483647;
			files = (
			);
			runOnlyForDeploymentPostprocessing = 0;
		};
		1863DA6723011A08000969FE /* Resources */ = {
			isa = PBXResourcesBuildPhase;
			buildActionMask = 2147483647;
			files = (
			);
			runOnlyForDeploymentPostprocessing = 0;
		};
/* End PBXResourcesBuildPhase section */

/* Begin PBXShellScriptBuildPhase section */
		BF250503D566B99A58B25E45 /* [CP] Copy Pods Resources */ = {
			isa = PBXShellScriptBuildPhase;
			buildActionMask = 2147483647;
			files = (
			);
			inputFileListPaths = (
			);
			inputPaths = (
				"${SRCROOT}/Pods/Target Support Files/Pods-FOMOPay/Pods-FOMOPay-resources.sh",
				"${PODS_CONFIGURATION_BUILD_DIR}/GYEasyForm/Rows.bundle",
				"${PODS_ROOT}/IQKeyboardManager/IQKeyboardManager/Resources/IQKeyboardManager.bundle",
				"${PODS_ROOT}/MJRefresh/MJRefresh/MJRefresh.bundle",
			);
			name = "[CP] Copy Pods Resources";
			outputFileListPaths = (
			);
			outputPaths = (
				"${TARGET_BUILD_DIR}/${UNLOCALIZED_RESOURCES_FOLDER_PATH}/Rows.bundle",
				"${TARGET_BUILD_DIR}/${UNLOCALIZED_RESOURCES_FOLDER_PATH}/IQKeyboardManager.bundle",
				"${TARGET_BUILD_DIR}/${UNLOCALIZED_RESOURCES_FOLDER_PATH}/MJRefresh.bundle",
			);
			runOnlyForDeploymentPostprocessing = 0;
			shellPath = /bin/sh;
			shellScript = "\"${SRCROOT}/Pods/Target Support Files/Pods-FOMOPay/Pods-FOMOPay-resources.sh\"\n";
			showEnvVarsInLog = 0;
		};
		E79357FC991968CA3C220408 /* [CP] Check Pods Manifest.lock */ = {
			isa = PBXShellScriptBuildPhase;
			buildActionMask = 2147483647;
			files = (
			);
			inputFileListPaths = (
			);
			inputPaths = (
				"${PODS_PODFILE_DIR_PATH}/Podfile.lock",
				"${PODS_ROOT}/Manifest.lock",
			);
			name = "[CP] Check Pods Manifest.lock";
			outputFileListPaths = (
			);
			outputPaths = (
				"$(DERIVED_FILE_DIR)/Pods-FOMOPay-checkManifestLockResult.txt",
			);
			runOnlyForDeploymentPostprocessing = 0;
			shellPath = /bin/sh;
			shellScript = "diff \"${PODS_PODFILE_DIR_PATH}/Podfile.lock\" \"${PODS_ROOT}/Manifest.lock\" > /dev/null\nif [ $? != 0 ] ; then\n    # print error to STDERR\n    echo \"error: The sandbox is not in sync with the Podfile.lock. Run 'pod install' or update your CocoaPods installation.\" >&2\n    exit 1\nfi\n# This output is used by Xcode 'outputs' to avoid re-running this script phase.\necho \"SUCCESS\" > \"${SCRIPT_OUTPUT_FILE_0}\"\n";
			showEnvVarsInLog = 0;
		};
/* End PBXShellScriptBuildPhase section */

/* Begin PBXSourcesBuildPhase section */
		1863DA4223011A07000969FE /* Sources */ = {
			isa = PBXSourcesBuildPhase;
			buildActionMask = 2147483647;
			files = (
				1863DA4E23011A07000969FE /* ViewController.m in Sources */,
				CFC33F8E230D19F800C04207 /* CLMeMessageSetViewController.m in Sources */,
				1863DA9723013A87000969FE /* NSString+YHMD5.m in Sources */,
				1863DAAC23014511000969FE /* WRCustomNavigationBar.m in Sources */,
				CCBCE3D82307C8C400EE5DA1 /* CLMeLanguage.m in Sources */,
				CF277DAF23055C0100A37B5C /* CLNavgationView_button.m in Sources */,
				CFC33F83230D18D400C04207 /* CLCollectionAddSelectTableView.m in Sources */,
				CCA748C92303046400846BDF /* CLMainTabBarControllerConfig.m in Sources */,
				1863DA9923013A87000969FE /* YHPDFImageLoader.m in Sources */,
				777EAEB7230CEA6B009D7B22 /* WKBaseModel.m in Sources */,
				772D73B3230A3F670068AB48 /* LogInViewController.m in Sources */,
				CCA748CC2303082600846BDF /* CLHistoryViewController.m in Sources */,
				771501892311176B0016B449 /* HomeRefundListCell.m in Sources */,
				1863DA5923011A08000969FE /* main.m in Sources */,
				7702398C230B83C100EE8C31 /* HomeListCell.m in Sources */,
				772D73D2230A86860068AB48 /* LogInVerifyCodeView.m in Sources */,
				77023991230B8AE000EE8C31 /* HomeDataObject.m in Sources */,
				CFC33F8B230D19C800C04207 /* CLMeClauseOfTreaty.m in Sources */,
				CF66AC63230FED2F005BA46D /* CLCollectionAlter.m in Sources */,
				772D73C8230A845D0068AB48 /* LogInVerifyViewController.m in Sources */,
				CFC33F88230D197A00C04207 /* CLCollectionAdd.m in Sources */,
				CFE7966123016589004C09C4 /* BaseViewController.m in Sources */,
				772D73B7230A3FA60068AB48 /* DPLogInView.m in Sources */,
				18B7BEE32304EBE3007B496A /* CLNavgationView.m in Sources */,
				CF6BBC9D2304138700EB5BBB /* CLHiStoryTableViewCell.m in Sources */,
				77023998230BDD7F00EE8C31 /* HomeListCollectionCell.m in Sources */,
				CF5A8C612306BA9C00745FE9 /* CLMeCallMeViewController.m in Sources */,
				CFC33F85230D18D400C04207 /* CLCollectionAddSelect.m in Sources */,
				CFE7966423016614004C09C4 /* CLHomeViewController.m in Sources */,
				1863DA9623013A87000969FE /* YHPDFImageCache.m in Sources */,
				CF70EBFF230A360200695E7B /* CLTool.m in Sources */,
				CCA748D22303098F00846BDF /* CLMeViewController.m in Sources */,
				CF23B3F1230F8A5E00FAC43C /* CLHistoryRenittabcePlanVIew.m in Sources */,
				CF5A8C5E2306B7E000745FE9 /* CLMeLanguageViewController.m in Sources */,
				1863DA9823013A87000969FE /* YHPDFImagePath.m in Sources */,
				CF36E27123025E0400F1AE2B /* CLTableViewCell.m in Sources */,
				CF277DAB23054BB800A37B5C /* CLCollectionTableViewCell.m in Sources */,
				777EAEB8230CEA6B009D7B22 /* WKNetWorkManager.m in Sources */,
				CF5A8C352306831000745FE9 /* CLMeTableViewCell.m in Sources */,
				1863DAAB23014511000969FE /* WRNavigationBar.m in Sources */,
				1863DA9B23013A87000969FE /* YHPDFImageDraw.m in Sources */,
				CCA748CF230308CF00846BDF /* CLCollectionViewController.m in Sources */,
				1863DA9A23013A87000969FE /* UIImage+YHPDFIcon.m in Sources */,
				CF5A8C642306BACB00745FE9 /* CLMeMessageViewController.m in Sources */,
				18B7BEEC2304F572007B496A /* CLNavModel.m in Sources */,
				CFE7965C230155AA004C09C4 /* CLTitleView.m in Sources */,
				1863DA4B23011A07000969FE /* AppDelegate.m in Sources */,
				7715017F2310E07D0016B449 /* CommonGuideViewController.m in Sources */,
				7715018D231121E10016B449 /* HomeRefundSelectBankView.m in Sources */,
				77150183231114D60016B449 /* HomeRefundViewController.m in Sources */,
				CF23B3EC230F7CC600FAC43C /* CLHistoryRemittancePlan.m in Sources */,
				772D73AF230A3DCF0068AB48 /* CommonGuideView.m in Sources */,
				772D73D6230A89630068AB48 /* WKCustomCodeView.m in Sources */,
				18B7BEF12304FC9E007B496A /* CLHomeDetailVC.m in Sources */,
			);
			runOnlyForDeploymentPostprocessing = 0;
		};
		1863DA5A23011A08000969FE /* Sources */ = {
			isa = PBXSourcesBuildPhase;
			buildActionMask = 2147483647;
			files = (
				1863DA6323011A08000969FE /* FOMOPayTests.m in Sources */,
			);
			runOnlyForDeploymentPostprocessing = 0;
		};
		1863DA6523011A08000969FE /* Sources */ = {
			isa = PBXSourcesBuildPhase;
			buildActionMask = 2147483647;
			files = (
				1863DA6E23011A08000969FE /* FOMOPayUITests.m in Sources */,
			);
			runOnlyForDeploymentPostprocessing = 0;
		};
/* End PBXSourcesBuildPhase section */

/* Begin PBXTargetDependency section */
		1863DA6023011A08000969FE /* PBXTargetDependency */ = {
			isa = PBXTargetDependency;
			target = 1863DA4523011A07000969FE /* FOMOPay */;
			targetProxy = 1863DA5F23011A08000969FE /* PBXContainerItemProxy */;
		};
		1863DA6B23011A08000969FE /* PBXTargetDependency */ = {
			isa = PBXTargetDependency;
			target = 1863DA4523011A07000969FE /* FOMOPay */;
			targetProxy = 1863DA6A23011A08000969FE /* PBXContainerItemProxy */;
		};
/* End PBXTargetDependency section */

/* Begin PBXVariantGroup section */
		1863DA4F23011A07000969FE /* Main.storyboard */ = {
			isa = PBXVariantGroup;
			children = (
				1863DA5023011A07000969FE /* Base */,
			);
			name = Main.storyboard;
			sourceTree = "<group>";
		};
		1863DA5423011A08000969FE /* LaunchScreen.storyboard */ = {
			isa = PBXVariantGroup;
			children = (
				1863DA5523011A08000969FE /* Base */,
			);
			name = LaunchScreen.storyboard;
			sourceTree = "<group>";
		};
/* End PBXVariantGroup section */

/* Begin XCBuildConfiguration section */
		1863DA7023011A08000969FE /* Debug */ = {
			isa = XCBuildConfiguration;
			buildSettings = {
				ALWAYS_SEARCH_USER_PATHS = NO;
				CLANG_ANALYZER_NONNULL = YES;
				CLANG_ANALYZER_NUMBER_OBJECT_CONVERSION = YES_AGGRESSIVE;
				CLANG_CXX_LANGUAGE_STANDARD = "gnu++14";
				CLANG_CXX_LIBRARY = "libc++";
				CLANG_ENABLE_MODULES = YES;
				CLANG_ENABLE_OBJC_ARC = YES;
				CLANG_ENABLE_OBJC_WEAK = YES;
				CLANG_WARN_BLOCK_CAPTURE_AUTORELEASING = YES;
				CLANG_WARN_BOOL_CONVERSION = YES;
				CLANG_WARN_COMMA = YES;
				CLANG_WARN_CONSTANT_CONVERSION = YES;
				CLANG_WARN_DEPRECATED_OBJC_IMPLEMENTATIONS = YES;
				CLANG_WARN_DIRECT_OBJC_ISA_USAGE = YES_ERROR;
				CLANG_WARN_DOCUMENTATION_COMMENTS = YES;
				CLANG_WARN_EMPTY_BODY = YES;
				CLANG_WARN_ENUM_CONVERSION = YES;
				CLANG_WARN_INFINITE_RECURSION = YES;
				CLANG_WARN_INT_CONVERSION = YES;
				CLANG_WARN_NON_LITERAL_NULL_CONVERSION = YES;
				CLANG_WARN_OBJC_IMPLICIT_RETAIN_SELF = YES;
				CLANG_WARN_OBJC_LITERAL_CONVERSION = YES;
				CLANG_WARN_OBJC_ROOT_CLASS = YES_ERROR;
				CLANG_WARN_RANGE_LOOP_ANALYSIS = YES;
				CLANG_WARN_STRICT_PROTOTYPES = YES;
				CLANG_WARN_SUSPICIOUS_MOVE = YES;
				CLANG_WARN_UNGUARDED_AVAILABILITY = YES_AGGRESSIVE;
				CLANG_WARN_UNREACHABLE_CODE = YES;
				CLANG_WARN__DUPLICATE_METHOD_MATCH = YES;
				CODE_SIGN_IDENTITY = "iPhone Developer";
				COPY_PHASE_STRIP = NO;
				DEBUG_INFORMATION_FORMAT = dwarf;
				ENABLE_STRICT_OBJC_MSGSEND = YES;
				ENABLE_TESTABILITY = YES;
				GCC_C_LANGUAGE_STANDARD = gnu11;
				GCC_DYNAMIC_NO_PIC = NO;
				GCC_NO_COMMON_BLOCKS = YES;
				GCC_OPTIMIZATION_LEVEL = 0;
				GCC_PREPROCESSOR_DEFINITIONS = (
					"DEBUG=1",
					"$(inherited)",
				);
				GCC_WARN_64_TO_32_BIT_CONVERSION = YES;
				GCC_WARN_ABOUT_RETURN_TYPE = YES_ERROR;
				GCC_WARN_UNDECLARED_SELECTOR = YES;
				GCC_WARN_UNINITIALIZED_AUTOS = YES_AGGRESSIVE;
				GCC_WARN_UNUSED_FUNCTION = YES;
				GCC_WARN_UNUSED_VARIABLE = YES;
				IPHONEOS_DEPLOYMENT_TARGET = 12.2;
				MTL_ENABLE_DEBUG_INFO = INCLUDE_SOURCE;
				MTL_FAST_MATH = YES;
				ONLY_ACTIVE_ARCH = YES;
				SDKROOT = iphoneos;
			};
			name = Debug;
		};
		1863DA7123011A08000969FE /* Release */ = {
			isa = XCBuildConfiguration;
			buildSettings = {
				ALWAYS_SEARCH_USER_PATHS = NO;
				CLANG_ANALYZER_NONNULL = YES;
				CLANG_ANALYZER_NUMBER_OBJECT_CONVERSION = YES_AGGRESSIVE;
				CLANG_CXX_LANGUAGE_STANDARD = "gnu++14";
				CLANG_CXX_LIBRARY = "libc++";
				CLANG_ENABLE_MODULES = YES;
				CLANG_ENABLE_OBJC_ARC = YES;
				CLANG_ENABLE_OBJC_WEAK = YES;
				CLANG_WARN_BLOCK_CAPTURE_AUTORELEASING = YES;
				CLANG_WARN_BOOL_CONVERSION = YES;
				CLANG_WARN_COMMA = YES;
				CLANG_WARN_CONSTANT_CONVERSION = YES;
				CLANG_WARN_DEPRECATED_OBJC_IMPLEMENTATIONS = YES;
				CLANG_WARN_DIRECT_OBJC_ISA_USAGE = YES_ERROR;
				CLANG_WARN_DOCUMENTATION_COMMENTS = YES;
				CLANG_WARN_EMPTY_BODY = YES;
				CLANG_WARN_ENUM_CONVERSION = YES;
				CLANG_WARN_INFINITE_RECURSION = YES;
				CLANG_WARN_INT_CONVERSION = YES;
				CLANG_WARN_NON_LITERAL_NULL_CONVERSION = YES;
				CLANG_WARN_OBJC_IMPLICIT_RETAIN_SELF = YES;
				CLANG_WARN_OBJC_LITERAL_CONVERSION = YES;
				CLANG_WARN_OBJC_ROOT_CLASS = YES_ERROR;
				CLANG_WARN_RANGE_LOOP_ANALYSIS = YES;
				CLANG_WARN_STRICT_PROTOTYPES = YES;
				CLANG_WARN_SUSPICIOUS_MOVE = YES;
				CLANG_WARN_UNGUARDED_AVAILABILITY = YES_AGGRESSIVE;
				CLANG_WARN_UNREACHABLE_CODE = YES;
				CLANG_WARN__DUPLICATE_METHOD_MATCH = YES;
				CODE_SIGN_IDENTITY = "iPhone Developer";
				COPY_PHASE_STRIP = NO;
				DEBUG_INFORMATION_FORMAT = "dwarf-with-dsym";
				ENABLE_NS_ASSERTIONS = NO;
				ENABLE_STRICT_OBJC_MSGSEND = YES;
				GCC_C_LANGUAGE_STANDARD = gnu11;
				GCC_NO_COMMON_BLOCKS = YES;
				GCC_WARN_64_TO_32_BIT_CONVERSION = YES;
				GCC_WARN_ABOUT_RETURN_TYPE = YES_ERROR;
				GCC_WARN_UNDECLARED_SELECTOR = YES;
				GCC_WARN_UNINITIALIZED_AUTOS = YES_AGGRESSIVE;
				GCC_WARN_UNUSED_FUNCTION = YES;
				GCC_WARN_UNUSED_VARIABLE = YES;
				IPHONEOS_DEPLOYMENT_TARGET = 12.2;
				MTL_ENABLE_DEBUG_INFO = NO;
				MTL_FAST_MATH = YES;
				SDKROOT = iphoneos;
				VALIDATE_PRODUCT = YES;
			};
			name = Release;
		};
		1863DA7323011A08000969FE /* Debug */ = {
			isa = XCBuildConfiguration;
			baseConfigurationReference = 3F1006515BE60B5DD9F894BA /* Pods-FOMOPay.debug.xcconfig */;
			buildSettings = {
				ASSETCATALOG_COMPILER_APPICON_NAME = AppIcon;
				CODE_SIGN_STYLE = Automatic;
				DEVELOPMENT_TEAM = 7RUNT626SG;
				FRAMEWORK_SEARCH_PATHS = (
					"$(inherited)",
					"$(PROJECT_DIR)/FOMOPay/OtherFrameworks",
				);
				GCC_PREFIX_HEADER = "$(SRCROOT)/PrefixHeader.pch";
				INFOPLIST_FILE = FOMOPay/Info.plist;
				IPHONEOS_DEPLOYMENT_TARGET = 10.0;
				LD_RUNPATH_SEARCH_PATHS = (
					"$(inherited)",
					"@executable_path/Frameworks",
				);
				PRODUCT_BUNDLE_IDENTIFIER = "--.FOMOPay";
				PRODUCT_NAME = "$(TARGET_NAME)";
				TARGETED_DEVICE_FAMILY = "1,2";
			};
			name = Debug;
		};
		1863DA7423011A08000969FE /* Release */ = {
			isa = XCBuildConfiguration;
			baseConfigurationReference = 365F37B62573D6AD38920DD0 /* Pods-FOMOPay.release.xcconfig */;
			buildSettings = {
				ASSETCATALOG_COMPILER_APPICON_NAME = AppIcon;
				CODE_SIGN_STYLE = Automatic;
				DEVELOPMENT_TEAM = 7RUNT626SG;
				FRAMEWORK_SEARCH_PATHS = (
					"$(inherited)",
					"$(PROJECT_DIR)/FOMOPay/OtherFrameworks",
				);
				GCC_PREFIX_HEADER = "$(SRCROOT)/PrefixHeader.pch";
				INFOPLIST_FILE = FOMOPay/Info.plist;
				IPHONEOS_DEPLOYMENT_TARGET = 10.0;
				LD_RUNPATH_SEARCH_PATHS = (
					"$(inherited)",
					"@executable_path/Frameworks",
				);
				PRODUCT_BUNDLE_IDENTIFIER = "--.FOMOPay";
				PRODUCT_NAME = "$(TARGET_NAME)";
				TARGETED_DEVICE_FAMILY = "1,2";
			};
			name = Release;
		};
		1863DA7623011A08000969FE /* Debug */ = {
			isa = XCBuildConfiguration;
			buildSettings = {
				BUNDLE_LOADER = "$(TEST_HOST)";
				CODE_SIGN_STYLE = Automatic;
				DEVELOPMENT_TEAM = 7RUNT626SG;
				INFOPLIST_FILE = FOMOPayTests/Info.plist;
				LD_RUNPATH_SEARCH_PATHS = (
					"$(inherited)",
					"@executable_path/Frameworks",
					"@loader_path/Frameworks",
				);
				PRODUCT_BUNDLE_IDENTIFIER = "--.FOMOPayTests";
				PRODUCT_NAME = "$(TARGET_NAME)";
				TARGETED_DEVICE_FAMILY = "1,2";
				TEST_HOST = "$(BUILT_PRODUCTS_DIR)/FOMOPay.app/FOMOPay";
			};
			name = Debug;
		};
		1863DA7723011A08000969FE /* Release */ = {
			isa = XCBuildConfiguration;
			buildSettings = {
				BUNDLE_LOADER = "$(TEST_HOST)";
				CODE_SIGN_STYLE = Automatic;
				DEVELOPMENT_TEAM = 7RUNT626SG;
				INFOPLIST_FILE = FOMOPayTests/Info.plist;
				LD_RUNPATH_SEARCH_PATHS = (
					"$(inherited)",
					"@executable_path/Frameworks",
					"@loader_path/Frameworks",
				);
				PRODUCT_BUNDLE_IDENTIFIER = "--.FOMOPayTests";
				PRODUCT_NAME = "$(TARGET_NAME)";
				TARGETED_DEVICE_FAMILY = "1,2";
				TEST_HOST = "$(BUILT_PRODUCTS_DIR)/FOMOPay.app/FOMOPay";
			};
			name = Release;
		};
		1863DA7923011A08000969FE /* Debug */ = {
			isa = XCBuildConfiguration;
			buildSettings = {
				CODE_SIGN_STYLE = Automatic;
				DEVELOPMENT_TEAM = 7RUNT626SG;
				INFOPLIST_FILE = FOMOPayUITests/Info.plist;
				LD_RUNPATH_SEARCH_PATHS = (
					"$(inherited)",
					"@executable_path/Frameworks",
					"@loader_path/Frameworks",
				);
				PRODUCT_BUNDLE_IDENTIFIER = "--.FOMOPayUITests";
				PRODUCT_NAME = "$(TARGET_NAME)";
				TARGETED_DEVICE_FAMILY = "1,2";
				TEST_TARGET_NAME = FOMOPay;
			};
			name = Debug;
		};
		1863DA7A23011A08000969FE /* Release */ = {
			isa = XCBuildConfiguration;
			buildSettings = {
				CODE_SIGN_STYLE = Automatic;
				DEVELOPMENT_TEAM = 7RUNT626SG;
				INFOPLIST_FILE = FOMOPayUITests/Info.plist;
				LD_RUNPATH_SEARCH_PATHS = (
					"$(inherited)",
					"@executable_path/Frameworks",
					"@loader_path/Frameworks",
				);
				PRODUCT_BUNDLE_IDENTIFIER = "--.FOMOPayUITests";
				PRODUCT_NAME = "$(TARGET_NAME)";
				TARGETED_DEVICE_FAMILY = "1,2";
				TEST_TARGET_NAME = FOMOPay;
			};
			name = Release;
		};
/* End XCBuildConfiguration section */

/* Begin XCConfigurationList section */
		1863DA4123011A07000969FE /* Build configuration list for PBXProject "FOMOPay" */ = {
			isa = XCConfigurationList;
			buildConfigurations = (
				1863DA7023011A08000969FE /* Debug */,
				1863DA7123011A08000969FE /* Release */,
			);
			defaultConfigurationIsVisible = 0;
			defaultConfigurationName = Release;
		};
		1863DA7223011A08000969FE /* Build configuration list for PBXNativeTarget "FOMOPay" */ = {
			isa = XCConfigurationList;
			buildConfigurations = (
				1863DA7323011A08000969FE /* Debug */,
				1863DA7423011A08000969FE /* Release */,
			);
			defaultConfigurationIsVisible = 0;
			defaultConfigurationName = Release;
		};
		1863DA7523011A08000969FE /* Build configuration list for PBXNativeTarget "FOMOPayTests" */ = {
			isa = XCConfigurationList;
			buildConfigurations = (
				1863DA7623011A08000969FE /* Debug */,
				1863DA7723011A08000969FE /* Release */,
			);
			defaultConfigurationIsVisible = 0;
			defaultConfigurationName = Release;
		};
		1863DA7823011A08000969FE /* Build configuration list for PBXNativeTarget "FOMOPayUITests" */ = {
			isa = XCConfigurationList;
			buildConfigurations = (
				1863DA7923011A08000969FE /* Debug */,
				1863DA7A23011A08000969FE /* Release */,
			);
			defaultConfigurationIsVisible = 0;
			defaultConfigurationName = Release;
		};
/* End XCConfigurationList section */
	};
	rootObject = 1863DA3E23011A07000969FE /* Project object */;
}
