// !$*UTF8*$!
{
	archiveVersion = 1;
	classes = {
	};
	objectVersion = 50;
	objects = {

/* Begin PBXBuildFile section */
		0633D24662194BB0546939F4 /* libPods-FOMOPay.a in Frameworks */ = {isa = PBXBuildFile; fileRef = 59884581E113A0DB27EEB629 /* libPods-FOMOPay.a */; };
		1863DA4B23011A07000969FE /* AppDelegate.m in Sources */ = {isa = PBXBuildFile; fileRef = 1863DA4A23011A07000969FE /* AppDelegate.m */; };
		1863DA4E23011A07000969FE /* ViewController.m in Sources */ = {isa = PBXBuildFile; fileRef = 1863DA4D23011A07000969FE /* ViewController.m */; };
		1863DA5123011A07000969FE /* Main.storyboard in Resources */ = {isa = PBXBuildFile; fileRef = 1863DA4F23011A07000969FE /* Main.storyboard */; };
		1863DA5323011A08000969FE /* Assets.xcassets in Resources */ = {isa = PBXBuildFile; fileRef = 1863DA5223011A08000969FE /* Assets.xcassets */; };
		1863DA5623011A08000969FE /* LaunchScreen.storyboard in Resources */ = {isa = PBXBuildFile; fileRef = 1863DA5423011A08000969FE /* LaunchScreen.storyboard */; };
		1863DA5923011A08000969FE /* main.m in Sources */ = {isa = PBXBuildFile; fileRef = 1863DA5823011A08000969FE /* main.m */; };
		1863DA6323011A08000969FE /* FOMOPayTests.m in Sources */ = {isa = PBXBuildFile; fileRef = 1863DA6223011A08000969FE /* FOMOPayTests.m */; };
		1863DA6E23011A08000969FE /* FOMOPayUITests.m in Sources */ = {isa = PBXBuildFile; fileRef = 1863DA6D23011A08000969FE /* FOMOPayUITests.m */; };
		1863DA83230120AB000969FE /* WKWindowManagerFramework.framework in Frameworks */ = {isa = PBXBuildFile; fileRef = 1863DA82230120AB000969FE /* WKWindowManagerFramework.framework */; };
		1863DA9623013A87000969FE /* YHPDFImageCache.m in Sources */ = {isa = PBXBuildFile; fileRef = 1863DA8A23013A87000969FE /* YHPDFImageCache.m */; };
		1863DA9723013A87000969FE /* NSString+YHMD5.m in Sources */ = {isa = PBXBuildFile; fileRef = 1863DA8D23013A87000969FE /* NSString+YHMD5.m */; };
		1863DA9823013A87000969FE /* YHPDFImagePath.m in Sources */ = {isa = PBXBuildFile; fileRef = 1863DA8E23013A87000969FE /* YHPDFImagePath.m */; };
		1863DA9923013A87000969FE /* YHPDFImageLoader.m in Sources */ = {isa = PBXBuildFile; fileRef = 1863DA9123013A87000969FE /* YHPDFImageLoader.m */; };
		1863DA9A23013A87000969FE /* UIImage+YHPDFIcon.m in Sources */ = {isa = PBXBuildFile; fileRef = 1863DA9223013A87000969FE /* UIImage+YHPDFIcon.m */; };
		1863DA9B23013A87000969FE /* YHPDFImageDraw.m in Sources */ = {isa = PBXBuildFile; fileRef = 1863DA9323013A87000969FE /* YHPDFImageDraw.m */; };
		1863DAAB23014511000969FE /* WRNavigationBar.m in Sources */ = {isa = PBXBuildFile; fileRef = 1863DAA723014511000969FE /* WRNavigationBar.m */; };
		1863DAAC23014511000969FE /* WRCustomNavigationBar.m in Sources */ = {isa = PBXBuildFile; fileRef = 1863DAAA23014511000969FE /* WRCustomNavigationBar.m */; };
		CFE796592301548F004C09C4 /* pdf_home_title.pdf in Resources */ = {isa = PBXBuildFile; fileRef = CFE796582301548E004C09C4 /* pdf_home_title.pdf */; };
		CFE7965C230155AA004C09C4 /* CLTitleView.m in Sources */ = {isa = PBXBuildFile; fileRef = CFE7965B230155AA004C09C4 /* CLTitleView.m */; };
		CFE7965E230155CD004C09C4 /* CLTitleView.xib in Resources */ = {isa = PBXBuildFile; fileRef = CFE7965D230155CD004C09C4 /* CLTitleView.xib */; };
		CFE7966123016589004C09C4 /* BaseViewController.m in Sources */ = {isa = PBXBuildFile; fileRef = CFE7966023016589004C09C4 /* BaseViewController.m */; };
		CFE7966423016614004C09C4 /* CLHomeViewController.m in Sources */ = {isa = PBXBuildFile; fileRef = CFE7966323016614004C09C4 /* CLHomeViewController.m */; };
/* End PBXBuildFile section */

/* Begin PBXContainerItemProxy section */
		1863DA5F23011A08000969FE /* PBXContainerItemProxy */ = {
			isa = PBXContainerItemProxy;
			containerPortal = 1863DA3E23011A07000969FE /* Project object */;
			proxyType = 1;
			remoteGlobalIDString = 1863DA4523011A07000969FE;
			remoteInfo = FOMOPay;
		};
		1863DA6A23011A08000969FE /* PBXContainerItemProxy */ = {
			isa = PBXContainerItemProxy;
			containerPortal = 1863DA3E23011A07000969FE /* Project object */;
			proxyType = 1;
			remoteGlobalIDString = 1863DA4523011A07000969FE;
			remoteInfo = FOMOPay;
		};
/* End PBXContainerItemProxy section */

/* Begin PBXFileReference section */
		1863DA4623011A07000969FE /* FOMOPay.app */ = {isa = PBXFileReference; explicitFileType = wrapper.application; includeInIndex = 0; path = FOMOPay.app; sourceTree = BUILT_PRODUCTS_DIR; };
		1863DA4923011A07000969FE /* AppDelegate.h */ = {isa = PBXFileReference; lastKnownFileType = sourcecode.c.h; path = AppDelegate.h; sourceTree = "<group>"; };
		1863DA4A23011A07000969FE /* AppDelegate.m */ = {isa = PBXFileReference; lastKnownFileType = sourcecode.c.objc; path = AppDelegate.m; sourceTree = "<group>"; };
		1863DA4C23011A07000969FE /* ViewController.h */ = {isa = PBXFileReference; lastKnownFileType = sourcecode.c.h; path = ViewController.h; sourceTree = "<group>"; };
		1863DA4D23011A07000969FE /* ViewController.m */ = {isa = PBXFileReference; lastKnownFileType = sourcecode.c.objc; path = ViewController.m; sourceTree = "<group>"; };
		1863DA5023011A07000969FE /* Base */ = {isa = PBXFileReference; lastKnownFileType = file.storyboard; name = Base; path = Base.lproj/Main.storyboard; sourceTree = "<group>"; };
		1863DA5223011A08000969FE /* Assets.xcassets */ = {isa = PBXFileReference; lastKnownFileType = folder.assetcatalog; path = Assets.xcassets; sourceTree = "<group>"; };
		1863DA5523011A08000969FE /* Base */ = {isa = PBXFileReference; lastKnownFileType = file.storyboard; name = Base; path = Base.lproj/LaunchScreen.storyboard; sourceTree = "<group>"; };
		1863DA5723011A08000969FE /* Info.plist */ = {isa = PBXFileReference; lastKnownFileType = text.plist.xml; path = Info.plist; sourceTree = "<group>"; };
		1863DA5823011A08000969FE /* main.m */ = {isa = PBXFileReference; lastKnownFileType = sourcecode.c.objc; path = main.m; sourceTree = "<group>"; };
		1863DA5E23011A08000969FE /* FOMOPayTests.xctest */ = {isa = PBXFileReference; explicitFileType = wrapper.cfbundle; includeInIndex = 0; path = FOMOPayTests.xctest; sourceTree = BUILT_PRODUCTS_DIR; };
		1863DA6223011A08000969FE /* FOMOPayTests.m */ = {isa = PBXFileReference; lastKnownFileType = sourcecode.c.objc; path = FOMOPayTests.m; sourceTree = "<group>"; };
		1863DA6423011A08000969FE /* Info.plist */ = {isa = PBXFileReference; lastKnownFileType = text.plist.xml; path = Info.plist; sourceTree = "<group>"; };
		1863DA6923011A08000969FE /* FOMOPayUITests.xctest */ = {isa = PBXFileReference; explicitFileType = wrapper.cfbundle; includeInIndex = 0; path = FOMOPayUITests.xctest; sourceTree = BUILT_PRODUCTS_DIR; };
		1863DA6D23011A08000969FE /* FOMOPayUITests.m */ = {isa = PBXFileReference; lastKnownFileType = sourcecode.c.objc; path = FOMOPayUITests.m; sourceTree = "<group>"; };
		1863DA6F23011A08000969FE /* Info.plist */ = {isa = PBXFileReference; lastKnownFileType = text.plist.xml; path = Info.plist; sourceTree = "<group>"; };
		1863DA82230120AB000969FE /* WKWindowManagerFramework.framework */ = {isa = PBXFileReference; lastKnownFileType = wrapper.framework; path = WKWindowManagerFramework.framework; sourceTree = "<group>"; };
		1863DA8923013A87000969FE /* YHPDFImageLoader.h */ = {isa = PBXFileReference; fileEncoding = 4; lastKnownFileType = sourcecode.c.h; path = YHPDFImageLoader.h; sourceTree = "<group>"; };
		1863DA8A23013A87000969FE /* YHPDFImageCache.m */ = {isa = PBXFileReference; fileEncoding = 4; lastKnownFileType = sourcecode.c.objc; path = YHPDFImageCache.m; sourceTree = "<group>"; };
		1863DA8B23013A87000969FE /* YHPDFImageDraw.h */ = {isa = PBXFileReference; fileEncoding = 4; lastKnownFileType = sourcecode.c.h; path = YHPDFImageDraw.h; sourceTree = "<group>"; };
		1863DA8C23013A87000969FE /* UIImage+YHPDFIcon.h */ = {isa = PBXFileReference; fileEncoding = 4; lastKnownFileType = sourcecode.c.h; path = "UIImage+YHPDFIcon.h"; sourceTree = "<group>"; };
		1863DA8D23013A87000969FE /* NSString+YHMD5.m */ = {isa = PBXFileReference; fileEncoding = 4; lastKnownFileType = sourcecode.c.objc; path = "NSString+YHMD5.m"; sourceTree = "<group>"; };
		1863DA8E23013A87000969FE /* YHPDFImagePath.m */ = {isa = PBXFileReference; fileEncoding = 4; lastKnownFileType = sourcecode.c.objc; path = YHPDFImagePath.m; sourceTree = "<group>"; };
		1863DA8F23013A87000969FE /* YHPDFImageCache.h */ = {isa = PBXFileReference; fileEncoding = 4; lastKnownFileType = sourcecode.c.h; path = YHPDFImageCache.h; sourceTree = "<group>"; };
		1863DA9023013A87000969FE /* YH_config.h */ = {isa = PBXFileReference; fileEncoding = 4; lastKnownFileType = sourcecode.c.h; path = YH_config.h; sourceTree = "<group>"; };
		1863DA9123013A87000969FE /* YHPDFImageLoader.m */ = {isa = PBXFileReference; fileEncoding = 4; lastKnownFileType = sourcecode.c.objc; path = YHPDFImageLoader.m; sourceTree = "<group>"; };
		1863DA9223013A87000969FE /* UIImage+YHPDFIcon.m */ = {isa = PBXFileReference; fileEncoding = 4; lastKnownFileType = sourcecode.c.objc; path = "UIImage+YHPDFIcon.m"; sourceTree = "<group>"; };
		1863DA9323013A87000969FE /* YHPDFImageDraw.m */ = {isa = PBXFileReference; fileEncoding = 4; lastKnownFileType = sourcecode.c.objc; path = YHPDFImageDraw.m; sourceTree = "<group>"; };
		1863DA9423013A87000969FE /* NSString+YHMD5.h */ = {isa = PBXFileReference; fileEncoding = 4; lastKnownFileType = sourcecode.c.h; path = "NSString+YHMD5.h"; sourceTree = "<group>"; };
		1863DA9523013A87000969FE /* YHPDFImagePath.h */ = {isa = PBXFileReference; fileEncoding = 4; lastKnownFileType = sourcecode.c.h; path = YHPDFImagePath.h; sourceTree = "<group>"; };
		1863DAA723014511000969FE /* WRNavigationBar.m */ = {isa = PBXFileReference; fileEncoding = 4; lastKnownFileType = sourcecode.c.objc; path = WRNavigationBar.m; sourceTree = "<group>"; };
		1863DAA823014511000969FE /* WRCustomNavigationBar.h */ = {isa = PBXFileReference; fileEncoding = 4; lastKnownFileType = sourcecode.c.h; path = WRCustomNavigationBar.h; sourceTree = "<group>"; };
		1863DAA923014511000969FE /* WRNavigationBar.h */ = {isa = PBXFileReference; fileEncoding = 4; lastKnownFileType = sourcecode.c.h; path = WRNavigationBar.h; sourceTree = "<group>"; };
		1863DAAA23014511000969FE /* WRCustomNavigationBar.m */ = {isa = PBXFileReference; fileEncoding = 4; lastKnownFileType = sourcecode.c.objc; path = WRCustomNavigationBar.m; sourceTree = "<group>"; };
		365F37B62573D6AD38920DD0 /* Pods-FOMOPay.release.xcconfig */ = {isa = PBXFileReference; includeInIndex = 1; lastKnownFileType = text.xcconfig; name = "Pods-FOMOPay.release.xcconfig"; path = "Pods/Target Support Files/Pods-FOMOPay/Pods-FOMOPay.release.xcconfig"; sourceTree = "<group>"; };
		3F1006515BE60B5DD9F894BA /* Pods-FOMOPay.debug.xcconfig */ = {isa = PBXFileReference; includeInIndex = 1; lastKnownFileType = text.xcconfig; name = "Pods-FOMOPay.debug.xcconfig"; path = "Pods/Target Support Files/Pods-FOMOPay/Pods-FOMOPay.debug.xcconfig"; sourceTree = "<group>"; };
		59884581E113A0DB27EEB629 /* libPods-FOMOPay.a */ = {isa = PBXFileReference; explicitFileType = archive.ar; includeInIndex = 0; path = "libPods-FOMOPay.a"; sourceTree = BUILT_PRODUCTS_DIR; };
		CFE79654230148D1004C09C4 /* PrefixHeader.pch */ = {isa = PBXFileReference; lastKnownFileType = sourcecode.c.h; path = PrefixHeader.pch; sourceTree = SOURCE_ROOT; };
		CFE796582301548E004C09C4 /* pdf_home_title.pdf */ = {isa = PBXFileReference; lastKnownFileType = image.pdf; path = pdf_home_title.pdf; sourceTree = "<group>"; };
		CFE7965A230155A9004C09C4 /* CLTitleView.h */ = {isa = PBXFileReference; lastKnownFileType = sourcecode.c.h; path = CLTitleView.h; sourceTree = SOURCE_ROOT; };
		CFE7965B230155AA004C09C4 /* CLTitleView.m */ = {isa = PBXFileReference; lastKnownFileType = sourcecode.c.objc; path = CLTitleView.m; sourceTree = SOURCE_ROOT; };
		CFE7965D230155CD004C09C4 /* CLTitleView.xib */ = {isa = PBXFileReference; lastKnownFileType = file.xib; path = CLTitleView.xib; sourceTree = SOURCE_ROOT; };
		CFE7965F23016589004C09C4 /* BaseViewController.h */ = {isa = PBXFileReference; lastKnownFileType = sourcecode.c.h; name = BaseViewController.h; path = FOMOPay/BaseManager/BaseViewController.h; sourceTree = SOURCE_ROOT; };
		CFE7966023016589004C09C4 /* BaseViewController.m */ = {isa = PBXFileReference; lastKnownFileType = sourcecode.c.objc; name = BaseViewController.m; path = FOMOPay/BaseManager/BaseViewController.m; sourceTree = SOURCE_ROOT; };
		CFE7966223016614004C09C4 /* CLHomeViewController.h */ = {isa = PBXFileReference; lastKnownFileType = sourcecode.c.h; path = CLHomeViewController.h; sourceTree = "<group>"; };
		CFE7966323016614004C09C4 /* CLHomeViewController.m */ = {isa = PBXFileReference; lastKnownFileType = sourcecode.c.objc; path = CLHomeViewController.m; sourceTree = "<group>"; };
/* End PBXFileReference section */

/* Begin PBXFrameworksBuildPhase section */
		1863DA4323011A07000969FE /* Frameworks */ = {
			isa = PBXFrameworksBuildPhase;
			buildActionMask = 2147483647;
			files = (
				0633D24662194BB0546939F4 /* libPods-FOMOPay.a in Frameworks */,
				1863DA83230120AB000969FE /* WKWindowManagerFramework.framework in Frameworks */,
			);
			runOnlyForDeploymentPostprocessing = 0;
		};
		1863DA5B23011A08000969FE /* Frameworks */ = {
			isa = PBXFrameworksBuildPhase;
			buildActionMask = 2147483647;
			files = (
			);
			runOnlyForDeploymentPostprocessing = 0;
		};
		1863DA6623011A08000969FE /* Frameworks */ = {
			isa = PBXFrameworksBuildPhase;
			buildActionMask = 2147483647;
			files = (
			);
			runOnlyForDeploymentPostprocessing = 0;
		};
/* End PBXFrameworksBuildPhase section */

/* Begin PBXGroup section */
		1863DA3D23011A07000969FE = {
			isa = PBXGroup;
			children = (
				1863DA4823011A07000969FE /* FOMOPay */,
				1863DA6123011A08000969FE /* FOMOPayTests */,
				1863DA6C23011A08000969FE /* FOMOPayUITests */,
				1863DA4723011A07000969FE /* Products */,
				5B0969EA28DD697F78833E54 /* Pods */,
				89711D7DDF596E3DB618E265 /* Frameworks */,
			);
			sourceTree = "<group>";
		};
		1863DA4723011A07000969FE /* Products */ = {
			isa = PBXGroup;
			children = (
				1863DA4623011A07000969FE /* FOMOPay.app */,
				1863DA5E23011A08000969FE /* FOMOPayTests.xctest */,
				1863DA6923011A08000969FE /* FOMOPayUITests.xctest */,
			);
			name = Products;
			sourceTree = "<group>";
		};
		1863DA4823011A07000969FE /* FOMOPay */ = {
			isa = PBXGroup;
			children = (
				1863DA4923011A07000969FE /* AppDelegate.h */,
				1863DA4A23011A07000969FE /* AppDelegate.m */,
				1863DA4C23011A07000969FE /* ViewController.h */,
				1863DA4D23011A07000969FE /* ViewController.m */,
				1863DA4F23011A07000969FE /* Main.storyboard */,
				1863DA5223011A08000969FE /* Assets.xcassets */,
				1863DA5423011A08000969FE /* LaunchScreen.storyboard */,
				1863DA5723011A08000969FE /* Info.plist */,
				1863DA5823011A08000969FE /* main.m */,
				1863DA9C230142BA000969FE /* Home */,
				1863DA9D230142C1000969FE /* History */,
				1863DA9E230142C8000969FE /* Collection */,
				1863DA9F230142D2000969FE /* Me */,
				1863DA86230120DF000969FE /* HeaderFile */,
				1863DA8123012062000969FE /* NetWorkManager */,
				1863DA7E2301203A000969FE /* BaseManager */,
				1863DA7D23012032000969FE /* Tools */,
				1863DA7C23012026000969FE /* ImageResource */,
				1863DA7B2301200D000969FE /* OtherFrameworks */,
				1863DA8723013A6A000969FE /* OtherResource */,
			);
			path = FOMOPay;
			sourceTree = "<group>";
		};
		1863DA6123011A08000969FE /* FOMOPayTests */ = {
			isa = PBXGroup;
			children = (
				1863DA6223011A08000969FE /* FOMOPayTests.m */,
				1863DA6423011A08000969FE /* Info.plist */,
			);
			path = FOMOPayTests;
			sourceTree = "<group>";
		};
		1863DA6C23011A08000969FE /* FOMOPayUITests */ = {
			isa = PBXGroup;
			children = (
				1863DA6D23011A08000969FE /* FOMOPayUITests.m */,
				1863DA6F23011A08000969FE /* Info.plist */,
			);
			path = FOMOPayUITests;
			sourceTree = "<group>";
		};
		1863DA7B2301200D000969FE /* OtherFrameworks */ = {
			isa = PBXGroup;
			children = (
				1863DA82230120AB000969FE /* WKWindowManagerFramework.framework */,
			);
			path = OtherFrameworks;
			sourceTree = "<group>";
		};
		1863DA7C23012026000969FE /* ImageResource */ = {
			isa = PBXGroup;
			children = (
				CFE796582301548E004C09C4 /* pdf_home_title.pdf */,
			);
			path = ImageResource;
			sourceTree = "<group>";
		};
		1863DA7D23012032000969FE /* Tools */ = {
			isa = PBXGroup;
			children = (
			);
			path = Tools;
			sourceTree = "<group>";
		};
		1863DA7E2301203A000969FE /* BaseManager */ = {
			isa = PBXGroup;
			children = (
				CFE7965F23016589004C09C4 /* BaseViewController.h */,
				CFE7966023016589004C09C4 /* BaseViewController.m */,
			);
			path = BaseManager;
			sourceTree = "<group>";
		};
		1863DA8123012062000969FE /* NetWorkManager */ = {
			isa = PBXGroup;
			children = (
				1863DA85230120C6000969FE /* NetWorkManager */,
				1863DA84230120C1000969FE /* Model */,
			);
			path = NetWorkManager;
			sourceTree = "<group>";
		};
		1863DA84230120C1000969FE /* Model */ = {
			isa = PBXGroup;
			children = (
			);
			path = Model;
			sourceTree = "<group>";
		};
		1863DA85230120C6000969FE /* NetWorkManager */ = {
			isa = PBXGroup;
			children = (
			);
			path = NetWorkManager;
			sourceTree = "<group>";
		};
		1863DA86230120DF000969FE /* HeaderFile */ = {
			isa = PBXGroup;
			children = (
				CFE79654230148D1004C09C4 /* PrefixHeader.pch */,
			);
			path = HeaderFile;
			sourceTree = "<group>";
		};
		1863DA8723013A6A000969FE /* OtherResource */ = {
			isa = PBXGroup;
			children = (
				1863DAA623014511000969FE /* WRNavigationBar */,
				1863DA8823013A87000969FE /* YHPDFImageLoader */,
			);
			path = OtherResource;
			sourceTree = "<group>";
		};
		1863DA8823013A87000969FE /* YHPDFImageLoader */ = {
			isa = PBXGroup;
			children = (
				1863DA9023013A87000969FE /* YH_config.h */,
				1863DA8923013A87000969FE /* YHPDFImageLoader.h */,
				1863DA9123013A87000969FE /* YHPDFImageLoader.m */,
				1863DA8C23013A87000969FE /* UIImage+YHPDFIcon.h */,
				1863DA9223013A87000969FE /* UIImage+YHPDFIcon.m */,
				1863DA9423013A87000969FE /* NSString+YHMD5.h */,
				1863DA8D23013A87000969FE /* NSString+YHMD5.m */,
				1863DA9523013A87000969FE /* YHPDFImagePath.h */,
				1863DA8E23013A87000969FE /* YHPDFImagePath.m */,
				1863DA8F23013A87000969FE /* YHPDFImageCache.h */,
				1863DA8A23013A87000969FE /* YHPDFImageCache.m */,
				1863DA8B23013A87000969FE /* YHPDFImageDraw.h */,
				1863DA9323013A87000969FE /* YHPDFImageDraw.m */,
			);
			path = YHPDFImageLoader;
			sourceTree = "<group>";
		};
		1863DA9C230142BA000969FE /* Home */ = {
			isa = PBXGroup;
			children = (
				CFE7966223016614004C09C4 /* CLHomeViewController.h */,
				CFE7966323016614004C09C4 /* CLHomeViewController.m */,
				1863DAA0230142E4000969FE /* Views */,
			);
			path = Home;
			sourceTree = "<group>";
		};
		1863DA9D230142C1000969FE /* History */ = {
			isa = PBXGroup;
			children = (
				1863DAA1230142EA000969FE /* Views */,
			);
			path = History;
			sourceTree = "<group>";
		};
		1863DA9E230142C8000969FE /* Collection */ = {
			isa = PBXGroup;
			children = (
				1863DAA2230142EE000969FE /* Views */,
			);
			path = Collection;
			sourceTree = "<group>";
		};
		1863DA9F230142D2000969FE /* Me */ = {
			isa = PBXGroup;
			children = (
				1863DAA3230142F2000969FE /* Views */,
			);
			path = Me;
			sourceTree = "<group>";
		};
		1863DAA0230142E4000969FE /* Views */ = {
			isa = PBXGroup;
			children = (
				CFE7965A230155A9004C09C4 /* CLTitleView.h */,
				CFE7965B230155AA004C09C4 /* CLTitleView.m */,
				CFE7965D230155CD004C09C4 /* CLTitleView.xib */,
			);
			path = Views;
			sourceTree = "<group>";
		};
		1863DAA1230142EA000969FE /* Views */ = {
			isa = PBXGroup;
			children = (
			);
			path = Views;
			sourceTree = "<group>";
		};
		1863DAA2230142EE000969FE /* Views */ = {
			isa = PBXGroup;
			children = (
			);
			path = Views;
			sourceTree = "<group>";
		};
		1863DAA3230142F2000969FE /* Views */ = {
			isa = PBXGroup;
			children = (
			);
			path = Views;
			sourceTree = "<group>";
		};
		1863DAA623014511000969FE /* WRNavigationBar */ = {
			isa = PBXGroup;
			children = (
				1863DAA923014511000969FE /* WRNavigationBar.h */,
				1863DAA723014511000969FE /* WRNavigationBar.m */,
				1863DAA823014511000969FE /* WRCustomNavigationBar.h */,
				1863DAAA23014511000969FE /* WRCustomNavigationBar.m */,
			);
			path = WRNavigationBar;
			sourceTree = "<group>";
		};
		5B0969EA28DD697F78833E54 /* Pods */ = {
			isa = PBXGroup;
			children = (
				3F1006515BE60B5DD9F894BA /* Pods-FOMOPay.debug.xcconfig */,
				365F37B62573D6AD38920DD0 /* Pods-FOMOPay.release.xcconfig */,
			);
			name = Pods;
			sourceTree = "<group>";
		};
		89711D7DDF596E3DB618E265 /* Frameworks */ = {
			isa = PBXGroup;
			children = (
				59884581E113A0DB27EEB629 /* libPods-FOMOPay.a */,
			);
			name = Frameworks;
			sourceTree = "<group>";
		};
/* End PBXGroup section */

/* Begin PBXNativeTarget section */
		1863DA4523011A07000969FE /* FOMOPay */ = {
			isa = PBXNativeTarget;
			buildConfigurationList = 1863DA7223011A08000969FE /* Build configuration list for PBXNativeTarget "FOMOPay" */;
			buildPhases = (
				E79357FC991968CA3C220408 /* [CP] Check Pods Manifest.lock */,
				1863DA4223011A07000969FE /* Sources */,
				1863DA4323011A07000969FE /* Frameworks */,
				1863DA4423011A07000969FE /* Resources */,
				BF250503D566B99A58B25E45 /* [CP] Copy Pods Resources */,
			);
			buildRules = (
			);
			dependencies = (
			);
			name = FOMOPay;
			productName = FOMOPay;
			productReference = 1863DA4623011A07000969FE /* FOMOPay.app */;
			productType = "com.apple.product-type.application";
		};
		1863DA5D23011A08000969FE /* FOMOPayTests */ = {
			isa = PBXNativeTarget;
			buildConfigurationList = 1863DA7523011A08000969FE /* Build configuration list for PBXNativeTarget "FOMOPayTests" */;
			buildPhases = (
				1863DA5A23011A08000969FE /* Sources */,
				1863DA5B23011A08000969FE /* Frameworks */,
				1863DA5C23011A08000969FE /* Resources */,
			);
			buildRules = (
			);
			dependencies = (
				1863DA6023011A08000969FE /* PBXTargetDependency */,
			);
			name = FOMOPayTests;
			productName = FOMOPayTests;
			productReference = 1863DA5E23011A08000969FE /* FOMOPayTests.xctest */;
			productType = "com.apple.product-type.bundle.unit-test";
		};
		1863DA6823011A08000969FE /* FOMOPayUITests */ = {
			isa = PBXNativeTarget;
			buildConfigurationList = 1863DA7823011A08000969FE /* Build configuration list for PBXNativeTarget "FOMOPayUITests" */;
			buildPhases = (
				1863DA6523011A08000969FE /* Sources */,
				1863DA6623011A08000969FE /* Frameworks */,
				1863DA6723011A08000969FE /* Resources */,
			);
			buildRules = (
			);
			dependencies = (
				1863DA6B23011A08000969FE /* PBXTargetDependency */,
			);
			name = FOMOPayUITests;
			productName = FOMOPayUITests;
			productReference = 1863DA6923011A08000969FE /* FOMOPayUITests.xctest */;
			productType = "com.apple.product-type.bundle.ui-testing";
		};
/* End PBXNativeTarget section */

/* Begin PBXProject section */
		1863DA3E23011A07000969FE /* Project object */ = {
			isa = PBXProject;
			attributes = {
				LastUpgradeCheck = 1020;
				ORGANIZATIONNAME = "王钶";
				TargetAttributes = {
					1863DA4523011A07000969FE = {
						CreatedOnToolsVersion = 10.2.1;
					};
					1863DA5D23011A08000969FE = {
						CreatedOnToolsVersion = 10.2.1;
						TestTargetID = 1863DA4523011A07000969FE;
					};
					1863DA6823011A08000969FE = {
						CreatedOnToolsVersion = 10.2.1;
						TestTargetID = 1863DA4523011A07000969FE;
					};
				};
			};
			buildConfigurationList = 1863DA4123011A07000969FE /* Build configuration list for PBXProject "FOMOPay" */;
			compatibilityVersion = "Xcode 9.3";
			developmentRegion = en;
			hasScannedForEncodings = 0;
			knownRegions = (
				en,
				Base,
			);
			mainGroup = 1863DA3D23011A07000969FE;
			productRefGroup = 1863DA4723011A07000969FE /* Products */;
			projectDirPath = "";
			projectRoot = "";
			targets = (
				1863DA4523011A07000969FE /* FOMOPay */,
				1863DA5D23011A08000969FE /* FOMOPayTests */,
				1863DA6823011A08000969FE /* FOMOPayUITests */,
			);
		};
/* End PBXProject section */

/* Begin PBXResourcesBuildPhase section */
		1863DA4423011A07000969FE /* Resources */ = {
			isa = PBXResourcesBuildPhase;
			buildActionMask = 2147483647;
			files = (
				1863DA5623011A08000969FE /* LaunchScreen.storyboard in Resources */,
				CFE796592301548F004C09C4 /* pdf_home_title.pdf in Resources */,
				1863DA5323011A08000969FE /* Assets.xcassets in Resources */,
				1863DA5123011A07000969FE /* Main.storyboard in Resources */,
				CFE7965E230155CD004C09C4 /* CLTitleView.xib in Resources */,
			);
			runOnlyForDeploymentPostprocessing = 0;
		};
		1863DA5C23011A08000969FE /* Resources */ = {
			isa = PBXResourcesBuildPhase;
			buildActionMask = 2147483647;
			files = (
			);
			runOnlyForDeploymentPostprocessing = 0;
		};
		1863DA6723011A08000969FE /* Resources */ = {
			isa = PBXResourcesBuildPhase;
			buildActionMask = 2147483647;
			files = (
			);
			runOnlyForDeploymentPostprocessing = 0;
		};
/* End PBXResourcesBuildPhase section */

/* Begin PBXShellScriptBuildPhase section */
		BF250503D566B99A58B25E45 /* [CP] Copy Pods Resources */ = {
			isa = PBXShellScriptBuildPhase;
			buildActionMask = 2147483647;
			files = (
			);
			inputFileListPaths = (
			);
			inputPaths = (
				"${SRCROOT}/Pods/Target Support Files/Pods-FOMOPay/Pods-FOMOPay-resources.sh",
				"${PODS_CONFIGURATION_BUILD_DIR}/GYEasyForm/Rows.bundle",
				"${PODS_ROOT}/IQKeyboardManager/IQKeyboardManager/Resources/IQKeyboardManager.bundle",
				"${PODS_ROOT}/MJRefresh/MJRefresh/MJRefresh.bundle",
			);
			name = "[CP] Copy Pods Resources";
			outputFileListPaths = (
			);
			outputPaths = (
				"${TARGET_BUILD_DIR}/${UNLOCALIZED_RESOURCES_FOLDER_PATH}/Rows.bundle",
				"${TARGET_BUILD_DIR}/${UNLOCALIZED_RESOURCES_FOLDER_PATH}/IQKeyboardManager.bundle",
				"${TARGET_BUILD_DIR}/${UNLOCALIZED_RESOURCES_FOLDER_PATH}/MJRefresh.bundle",
			);
			runOnlyForDeploymentPostprocessing = 0;
			shellPath = /bin/sh;
			shellScript = "\"${SRCROOT}/Pods/Target Support Files/Pods-FOMOPay/Pods-FOMOPay-resources.sh\"\n";
			showEnvVarsInLog = 0;
		};
		E79357FC991968CA3C220408 /* [CP] Check Pods Manifest.lock */ = {
			isa = PBXShellScriptBuildPhase;
			buildActionMask = 2147483647;
			files = (
			);
			inputFileListPaths = (
			);
			inputPaths = (
				"${PODS_PODFILE_DIR_PATH}/Podfile.lock",
				"${PODS_ROOT}/Manifest.lock",
			);
			name = "[CP] Check Pods Manifest.lock";
			outputFileListPaths = (
			);
			outputPaths = (
				"$(DERIVED_FILE_DIR)/Pods-FOMOPay-checkManifestLockResult.txt",
			);
			runOnlyForDeploymentPostprocessing = 0;
			shellPath = /bin/sh;
			shellScript = "diff \"${PODS_PODFILE_DIR_PATH}/Podfile.lock\" \"${PODS_ROOT}/Manifest.lock\" > /dev/null\nif [ $? != 0 ] ; then\n    # print error to STDERR\n    echo \"error: The sandbox is not in sync with the Podfile.lock. Run 'pod install' or update your CocoaPods installation.\" >&2\n    exit 1\nfi\n# This output is used by Xcode 'outputs' to avoid re-running this script phase.\necho \"SUCCESS\" > \"${SCRIPT_OUTPUT_FILE_0}\"\n";
			showEnvVarsInLog = 0;
		};
/* End PBXShellScriptBuildPhase section */

/* Begin PBXSourcesBuildPhase section */
		1863DA4223011A07000969FE /* Sources */ = {
			isa = PBXSourcesBuildPhase;
			buildActionMask = 2147483647;
			files = (
				1863DA4E23011A07000969FE /* ViewController.m in Sources */,
				1863DA9723013A87000969FE /* NSString+YHMD5.m in Sources */,
				1863DAAC23014511000969FE /* WRCustomNavigationBar.m in Sources */,
				1863DA9923013A87000969FE /* YHPDFImageLoader.m in Sources */,
				1863DA5923011A08000969FE /* main.m in Sources */,
				CFE7966123016589004C09C4 /* BaseViewController.m in Sources */,
				CFE7966423016614004C09C4 /* CLHomeViewController.m in Sources */,
				1863DA9623013A87000969FE /* YHPDFImageCache.m in Sources */,
				1863DA9823013A87000969FE /* YHPDFImagePath.m in Sources */,
				1863DAAB23014511000969FE /* WRNavigationBar.m in Sources */,
				1863DA9B23013A87000969FE /* YHPDFImageDraw.m in Sources */,
				1863DA9A23013A87000969FE /* UIImage+YHPDFIcon.m in Sources */,
				CFE7965C230155AA004C09C4 /* CLTitleView.m in Sources */,
				1863DA4B23011A07000969FE /* AppDelegate.m in Sources */,
			);
			runOnlyForDeploymentPostprocessing = 0;
		};
		1863DA5A23011A08000969FE /* Sources */ = {
			isa = PBXSourcesBuildPhase;
			buildActionMask = 2147483647;
			files = (
				1863DA6323011A08000969FE /* FOMOPayTests.m in Sources */,
			);
			runOnlyForDeploymentPostprocessing = 0;
		};
		1863DA6523011A08000969FE /* Sources */ = {
			isa = PBXSourcesBuildPhase;
			buildActionMask = 2147483647;
			files = (
				1863DA6E23011A08000969FE /* FOMOPayUITests.m in Sources */,
			);
			runOnlyForDeploymentPostprocessing = 0;
		};
/* End PBXSourcesBuildPhase section */

/* Begin PBXTargetDependency section */
		1863DA6023011A08000969FE /* PBXTargetDependency */ = {
			isa = PBXTargetDependency;
			target = 1863DA4523011A07000969FE /* FOMOPay */;
			targetProxy = 1863DA5F23011A08000969FE /* PBXContainerItemProxy */;
		};
		1863DA6B23011A08000969FE /* PBXTargetDependency */ = {
			isa = PBXTargetDependency;
			target = 1863DA4523011A07000969FE /* FOMOPay */;
			targetProxy = 1863DA6A23011A08000969FE /* PBXContainerItemProxy */;
		};
/* End PBXTargetDependency section */

/* Begin PBXVariantGroup section */
		1863DA4F23011A07000969FE /* Main.storyboard */ = {
			isa = PBXVariantGroup;
			children = (
				1863DA5023011A07000969FE /* Base */,
			);
			name = Main.storyboard;
			sourceTree = "<group>";
		};
		1863DA5423011A08000969FE /* LaunchScreen.storyboard */ = {
			isa = PBXVariantGroup;
			children = (
				1863DA5523011A08000969FE /* Base */,
			);
			name = LaunchScreen.storyboard;
			sourceTree = "<group>";
		};
/* End PBXVariantGroup section */

/* Begin XCBuildConfiguration section */
		1863DA7023011A08000969FE /* Debug */ = {
			isa = XCBuildConfiguration;
			buildSettings = {
				ALWAYS_SEARCH_USER_PATHS = NO;
				CLANG_ANALYZER_NONNULL = YES;
				CLANG_ANALYZER_NUMBER_OBJECT_CONVERSION = YES_AGGRESSIVE;
				CLANG_CXX_LANGUAGE_STANDARD = "gnu++14";
				CLANG_CXX_LIBRARY = "libc++";
				CLANG_ENABLE_MODULES = YES;
				CLANG_ENABLE_OBJC_ARC = YES;
				CLANG_ENABLE_OBJC_WEAK = YES;
				CLANG_WARN_BLOCK_CAPTURE_AUTORELEASING = YES;
				CLANG_WARN_BOOL_CONVERSION = YES;
				CLANG_WARN_COMMA = YES;
				CLANG_WARN_CONSTANT_CONVERSION = YES;
				CLANG_WARN_DEPRECATED_OBJC_IMPLEMENTATIONS = YES;
				CLANG_WARN_DIRECT_OBJC_ISA_USAGE = YES_ERROR;
				CLANG_WARN_DOCUMENTATION_COMMENTS = YES;
				CLANG_WARN_EMPTY_BODY = YES;
				CLANG_WARN_ENUM_CONVERSION = YES;
				CLANG_WARN_INFINITE_RECURSION = YES;
				CLANG_WARN_INT_CONVERSION = YES;
				CLANG_WARN_NON_LITERAL_NULL_CONVERSION = YES;
				CLANG_WARN_OBJC_IMPLICIT_RETAIN_SELF = YES;
				CLANG_WARN_OBJC_LITERAL_CONVERSION = YES;
				CLANG_WARN_OBJC_ROOT_CLASS = YES_ERROR;
				CLANG_WARN_RANGE_LOOP_ANALYSIS = YES;
				CLANG_WARN_STRICT_PROTOTYPES = YES;
				CLANG_WARN_SUSPICIOUS_MOVE = YES;
				CLANG_WARN_UNGUARDED_AVAILABILITY = YES_AGGRESSIVE;
				CLANG_WARN_UNREACHABLE_CODE = YES;
				CLANG_WARN__DUPLICATE_METHOD_MATCH = YES;
				CODE_SIGN_IDENTITY = "iPhone Developer";
				COPY_PHASE_STRIP = NO;
				DEBUG_INFORMATION_FORMAT = dwarf;
				ENABLE_STRICT_OBJC_MSGSEND = YES;
				ENABLE_TESTABILITY = YES;
				GCC_C_LANGUAGE_STANDARD = gnu11;
				GCC_DYNAMIC_NO_PIC = NO;
				GCC_NO_COMMON_BLOCKS = YES;
				GCC_OPTIMIZATION_LEVEL = 0;
				GCC_PREPROCESSOR_DEFINITIONS = (
					"DEBUG=1",
					"$(inherited)",
				);
				GCC_WARN_64_TO_32_BIT_CONVERSION = YES;
				GCC_WARN_ABOUT_RETURN_TYPE = YES_ERROR;
				GCC_WARN_UNDECLARED_SELECTOR = YES;
				GCC_WARN_UNINITIALIZED_AUTOS = YES_AGGRESSIVE;
				GCC_WARN_UNUSED_FUNCTION = YES;
				GCC_WARN_UNUSED_VARIABLE = YES;
				IPHONEOS_DEPLOYMENT_TARGET = 12.2;
				MTL_ENABLE_DEBUG_INFO = INCLUDE_SOURCE;
				MTL_FAST_MATH = YES;
				ONLY_ACTIVE_ARCH = YES;
				SDKROOT = iphoneos;
			};
			name = Debug;
		};
		1863DA7123011A08000969FE /* Release */ = {
			isa = XCBuildConfiguration;
			buildSettings = {
				ALWAYS_SEARCH_USER_PATHS = NO;
				CLANG_ANALYZER_NONNULL = YES;
				CLANG_ANALYZER_NUMBER_OBJECT_CONVERSION = YES_AGGRESSIVE;
				CLANG_CXX_LANGUAGE_STANDARD = "gnu++14";
				CLANG_CXX_LIBRARY = "libc++";
				CLANG_ENABLE_MODULES = YES;
				CLANG_ENABLE_OBJC_ARC = YES;
				CLANG_ENABLE_OBJC_WEAK = YES;
				CLANG_WARN_BLOCK_CAPTURE_AUTORELEASING = YES;
				CLANG_WARN_BOOL_CONVERSION = YES;
				CLANG_WARN_COMMA = YES;
				CLANG_WARN_CONSTANT_CONVERSION = YES;
				CLANG_WARN_DEPRECATED_OBJC_IMPLEMENTATIONS = YES;
				CLANG_WARN_DIRECT_OBJC_ISA_USAGE = YES_ERROR;
				CLANG_WARN_DOCUMENTATION_COMMENTS = YES;
				CLANG_WARN_EMPTY_BODY = YES;
				CLANG_WARN_ENUM_CONVERSION = YES;
				CLANG_WARN_INFINITE_RECURSION = YES;
				CLANG_WARN_INT_CONVERSION = YES;
				CLANG_WARN_NON_LITERAL_NULL_CONVERSION = YES;
				CLANG_WARN_OBJC_IMPLICIT_RETAIN_SELF = YES;
				CLANG_WARN_OBJC_LITERAL_CONVERSION = YES;
				CLANG_WARN_OBJC_ROOT_CLASS = YES_ERROR;
				CLANG_WARN_RANGE_LOOP_ANALYSIS = YES;
				CLANG_WARN_STRICT_PROTOTYPES = YES;
				CLANG_WARN_SUSPICIOUS_MOVE = YES;
				CLANG_WARN_UNGUARDED_AVAILABILITY = YES_AGGRESSIVE;
				CLANG_WARN_UNREACHABLE_CODE = YES;
				CLANG_WARN__DUPLICATE_METHOD_MATCH = YES;
				CODE_SIGN_IDENTITY = "iPhone Developer";
				COPY_PHASE_STRIP = NO;
				DEBUG_INFORMATION_FORMAT = "dwarf-with-dsym";
				ENABLE_NS_ASSERTIONS = NO;
				ENABLE_STRICT_OBJC_MSGSEND = YES;
				GCC_C_LANGUAGE_STANDARD = gnu11;
				GCC_NO_COMMON_BLOCKS = YES;
				GCC_WARN_64_TO_32_BIT_CONVERSION = YES;
				GCC_WARN_ABOUT_RETURN_TYPE = YES_ERROR;
				GCC_WARN_UNDECLARED_SELECTOR = YES;
				GCC_WARN_UNINITIALIZED_AUTOS = YES_AGGRESSIVE;
				GCC_WARN_UNUSED_FUNCTION = YES;
				GCC_WARN_UNUSED_VARIABLE = YES;
				IPHONEOS_DEPLOYMENT_TARGET = 12.2;
				MTL_ENABLE_DEBUG_INFO = NO;
				MTL_FAST_MATH = YES;
				SDKROOT = iphoneos;
				VALIDATE_PRODUCT = YES;
			};
			name = Release;
		};
		1863DA7323011A08000969FE /* Debug */ = {
			isa = XCBuildConfiguration;
			baseConfigurationReference = 3F1006515BE60B5DD9F894BA /* Pods-FOMOPay.debug.xcconfig */;
			buildSettings = {
				ASSETCATALOG_COMPILER_APPICON_NAME = AppIcon;
				CODE_SIGN_STYLE = Automatic;
				DEVELOPMENT_TEAM = 7RUNT626SG;
				FRAMEWORK_SEARCH_PATHS = (
					"$(inherited)",
					"$(PROJECT_DIR)/FOMOPay/OtherFrameworks",
				);
				GCC_PREFIX_HEADER = "/Users/clkj/FOMO-HanSheng/PrefixHeader.pch";
				INFOPLIST_FILE = FOMOPay/Info.plist;
				LD_RUNPATH_SEARCH_PATHS = (
					"$(inherited)",
					"@executable_path/Frameworks",
				);
				PRODUCT_BUNDLE_IDENTIFIER = "--.FOMOPay";
				PRODUCT_NAME = "$(TARGET_NAME)";
				TARGETED_DEVICE_FAMILY = "1,2";
			};
			name = Debug;
		};
		1863DA7423011A08000969FE /* Release */ = {
			isa = XCBuildConfiguration;
			baseConfigurationReference = 365F37B62573D6AD38920DD0 /* Pods-FOMOPay.release.xcconfig */;
			buildSettings = {
				ASSETCATALOG_COMPILER_APPICON_NAME = AppIcon;
				CODE_SIGN_STYLE = Automatic;
				DEVELOPMENT_TEAM = 7RUNT626SG;
				FRAMEWORK_SEARCH_PATHS = (
					"$(inherited)",
					"$(PROJECT_DIR)/FOMOPay/OtherFrameworks",
				);
				GCC_PREFIX_HEADER = "/Users/clkj/FOMO-HanSheng/PrefixHeader.pch";
				INFOPLIST_FILE = FOMOPay/Info.plist;
				LD_RUNPATH_SEARCH_PATHS = (
					"$(inherited)",
					"@executable_path/Frameworks",
				);
				PRODUCT_BUNDLE_IDENTIFIER = "--.FOMOPay";
				PRODUCT_NAME = "$(TARGET_NAME)";
				TARGETED_DEVICE_FAMILY = "1,2";
			};
			name = Release;
		};
		1863DA7623011A08000969FE /* Debug */ = {
			isa = XCBuildConfiguration;
			buildSettings = {
				BUNDLE_LOADER = "$(TEST_HOST)";
				CODE_SIGN_STYLE = Automatic;
				DEVELOPMENT_TEAM = 7RUNT626SG;
				INFOPLIST_FILE = FOMOPayTests/Info.plist;
				LD_RUNPATH_SEARCH_PATHS = (
					"$(inherited)",
					"@executable_path/Frameworks",
					"@loader_path/Frameworks",
				);
				PRODUCT_BUNDLE_IDENTIFIER = "--.FOMOPayTests";
				PRODUCT_NAME = "$(TARGET_NAME)";
				TARGETED_DEVICE_FAMILY = "1,2";
				TEST_HOST = "$(BUILT_PRODUCTS_DIR)/FOMOPay.app/FOMOPay";
			};
			name = Debug;
		};
		1863DA7723011A08000969FE /* Release */ = {
			isa = XCBuildConfiguration;
			buildSettings = {
				BUNDLE_LOADER = "$(TEST_HOST)";
				CODE_SIGN_STYLE = Automatic;
				DEVELOPMENT_TEAM = 7RUNT626SG;
				INFOPLIST_FILE = FOMOPayTests/Info.plist;
				LD_RUNPATH_SEARCH_PATHS = (
					"$(inherited)",
					"@executable_path/Frameworks",
					"@loader_path/Frameworks",
				);
				PRODUCT_BUNDLE_IDENTIFIER = "--.FOMOPayTests";
				PRODUCT_NAME = "$(TARGET_NAME)";
				TARGETED_DEVICE_FAMILY = "1,2";
				TEST_HOST = "$(BUILT_PRODUCTS_DIR)/FOMOPay.app/FOMOPay";
			};
			name = Release;
		};
		1863DA7923011A08000969FE /* Debug */ = {
			isa = XCBuildConfiguration;
			buildSettings = {
				CODE_SIGN_STYLE = Automatic;
				DEVELOPMENT_TEAM = 7RUNT626SG;
				INFOPLIST_FILE = FOMOPayUITests/Info.plist;
				LD_RUNPATH_SEARCH_PATHS = (
					"$(inherited)",
					"@executable_path/Frameworks",
					"@loader_path/Frameworks",
				);
				PRODUCT_BUNDLE_IDENTIFIER = "--.FOMOPayUITests";
				PRODUCT_NAME = "$(TARGET_NAME)";
				TARGETED_DEVICE_FAMILY = "1,2";
				TEST_TARGET_NAME = FOMOPay;
			};
			name = Debug;
		};
		1863DA7A23011A08000969FE /* Release */ = {
			isa = XCBuildConfiguration;
			buildSettings = {
				CODE_SIGN_STYLE = Automatic;
				DEVELOPMENT_TEAM = 7RUNT626SG;
				INFOPLIST_FILE = FOMOPayUITests/Info.plist;
				LD_RUNPATH_SEARCH_PATHS = (
					"$(inherited)",
					"@executable_path/Frameworks",
					"@loader_path/Frameworks",
				);
				PRODUCT_BUNDLE_IDENTIFIER = "--.FOMOPayUITests";
				PRODUCT_NAME = "$(TARGET_NAME)";
				TARGETED_DEVICE_FAMILY = "1,2";
				TEST_TARGET_NAME = FOMOPay;
			};
			name = Release;
		};
/* End XCBuildConfiguration section */

/* Begin XCConfigurationList section */
		1863DA4123011A07000969FE /* Build configuration list for PBXProject "FOMOPay" */ = {
			isa = XCConfigurationList;
			buildConfigurations = (
				1863DA7023011A08000969FE /* Debug */,
				1863DA7123011A08000969FE /* Release */,
			);
			defaultConfigurationIsVisible = 0;
			defaultConfigurationName = Release;
		};
		1863DA7223011A08000969FE /* Build configuration list for PBXNativeTarget "FOMOPay" */ = {
			isa = XCConfigurationList;
			buildConfigurations = (
				1863DA7323011A08000969FE /* Debug */,
				1863DA7423011A08000969FE /* Release */,
			);
			defaultConfigurationIsVisible = 0;
			defaultConfigurationName = Release;
		};
		1863DA7523011A08000969FE /* Build configuration list for PBXNativeTarget "FOMOPayTests" */ = {
			isa = XCConfigurationList;
			buildConfigurations = (
				1863DA7623011A08000969FE /* Debug */,
				1863DA7723011A08000969FE /* Release */,
			);
			defaultConfigurationIsVisible = 0;
			defaultConfigurationName = Release;
		};
		1863DA7823011A08000969FE /* Build configuration list for PBXNativeTarget "FOMOPayUITests" */ = {
			isa = XCConfigurationList;
			buildConfigurations = (
				1863DA7923011A08000969FE /* Debug */,
				1863DA7A23011A08000969FE /* Release */,
			);
			defaultConfigurationIsVisible = 0;
			defaultConfigurationName = Release;
		};
/* End XCConfigurationList section */
	};
	rootObject = 1863DA3E23011A07000969FE /* Project object */;
}
